// !$*UTF8*$!
{
	archiveVersion = 1;
	classes = {
	};
	objectVersion = 50;
	objects = {

/* Begin PBXBuildFile section */
		7588708B2663BF8400FAEA50 /* tromino.h in Headers */ = {isa = PBXBuildFile; fileRef = 758870892663BF8400FAEA50 /* tromino.h */; settings = {ATTRIBUTES = (Public, ); }; };
		7588708C2663BF8400FAEA50 /* tromino.c in Sources */ = {isa = PBXBuildFile; fileRef = 7588708A2663BF8400FAEA50 /* tromino.c */; };
		758870992663C0A300FAEA50 /* main.cpp in Sources */ = {isa = PBXBuildFile; fileRef = 758870982663C0A300FAEA50 /* main.cpp */; };
		7588709B2663C2E800FAEA50 /* liblibtromino.a in Frameworks */ = {isa = PBXBuildFile; fileRef = 758870812663BEF100FAEA50 /* liblibtromino.a */; };
		75AC1BF0266D4A8E00771211 /* init.cpp in Sources */ = {isa = PBXBuildFile; fileRef = 75AC1BEC266D4A8D00771211 /* init.cpp */; };
		75AC1BF1266D4A8E00771211 /* trmn_graph.cpp in Sources */ = {isa = PBXBuildFile; fileRef = 75AC1BED266D4A8D00771211 /* trmn_graph.cpp */; };
		75F5E5502677F27D009F5035 /* trmn_graph_vt.cpp in Sources */ = {isa = PBXBuildFile; fileRef = 75F5E54F2677F27C009F5035 /* trmn_graph_vt.cpp */; };
/* End PBXBuildFile section */

/* Begin PBXContainerItemProxy section */
		7588709C2663C30A00FAEA50 /* PBXContainerItemProxy */ = {
			isa = PBXContainerItemProxy;
			containerPortal = 7588705B2663BBD600FAEA50 /* Project object */;
			proxyType = 1;
			remoteGlobalIDString = 758870802663BEF100FAEA50;
			remoteInfo = libtromino;
		};
/* End PBXContainerItemProxy section */

/* Begin PBXCopyFilesBuildPhase section */
		7588708F2663BFF000FAEA50 /* CopyFiles */ = {
			isa = PBXCopyFilesBuildPhase;
			buildActionMask = 2147483647;
			dstPath = /usr/share/man/man1/;
			dstSubfolderSpec = 0;
			files = (
			);
			runOnlyForDeploymentPostprocessing = 1;
		};
/* End PBXCopyFilesBuildPhase section */

/* Begin PBXFileReference section */
		758870812663BEF100FAEA50 /* liblibtromino.a */ = {isa = PBXFileReference; explicitFileType = archive.ar; includeInIndex = 0; path = liblibtromino.a; sourceTree = BUILT_PRODUCTS_DIR; };
		758870892663BF8400FAEA50 /* tromino.h */ = {isa = PBXFileReference; fileEncoding = 4; lastKnownFileType = sourcecode.c.h; path = tromino.h; sourceTree = "<group>"; };
		7588708A2663BF8400FAEA50 /* tromino.c */ = {isa = PBXFileReference; fileEncoding = 4; lastKnownFileType = sourcecode.c.c; path = tromino.c; sourceTree = "<group>"; };
		758870912663BFF000FAEA50 /* TrominoPuzzle.Cli */ = {isa = PBXFileReference; explicitFileType = "compiled.mach-o.executable"; includeInIndex = 0; path = TrominoPuzzle.Cli; sourceTree = BUILT_PRODUCTS_DIR; };
		758870982663C0A300FAEA50 /* main.cpp */ = {isa = PBXFileReference; fileEncoding = 4; lastKnownFileType = sourcecode.cpp.cpp; name = main.cpp; path = ../src/cli/main.cpp; sourceTree = "<group>"; };
		75AC1BEC266D4A8D00771211 /* init.cpp */ = {isa = PBXFileReference; fileEncoding = 4; lastKnownFileType = sourcecode.cpp.cpp; name = init.cpp; path = ../src/cli/init.cpp; sourceTree = "<group>"; };
		75AC1BED266D4A8D00771211 /* trmn_graph.cpp */ = {isa = PBXFileReference; fileEncoding = 4; lastKnownFileType = sourcecode.cpp.cpp; name = trmn_graph.cpp; path = ../src/cli/trmn_graph.cpp; sourceTree = "<group>"; };
		75AC1BEE266D4A8E00771211 /* init.h */ = {isa = PBXFileReference; fileEncoding = 4; lastKnownFileType = sourcecode.c.h; name = init.h; path = ../src/cli/init.h; sourceTree = "<group>"; };
		75AC1BEF266D4A8E00771211 /* trmn_graph.h */ = {isa = PBXFileReference; fileEncoding = 4; lastKnownFileType = sourcecode.c.h; name = trmn_graph.h; path = ../src/cli/trmn_graph.h; sourceTree = "<group>"; };
		75F5E54E2677F27C009F5035 /* trmn_graph_vt.h */ = {isa = PBXFileReference; fileEncoding = 4; lastKnownFileType = sourcecode.c.h; name = trmn_graph_vt.h; path = ../src/cli/trmn_graph_vt.h; sourceTree = "<group>"; };
		75F5E54F2677F27C009F5035 /* trmn_graph_vt.cpp */ = {isa = PBXFileReference; fileEncoding = 4; lastKnownFileType = sourcecode.cpp.cpp; name = trmn_graph_vt.cpp; path = ../src/cli/trmn_graph_vt.cpp; sourceTree = "<group>"; };
/* End PBXFileReference section */

/* Begin PBXFrameworksBuildPhase section */
		7588707F2663BEF100FAEA50 /* Frameworks */ = {
			isa = PBXFrameworksBuildPhase;
			buildActionMask = 2147483647;
			files = (
			);
			runOnlyForDeploymentPostprocessing = 0;
		};
		7588708E2663BFF000FAEA50 /* Frameworks */ = {
			isa = PBXFrameworksBuildPhase;
			buildActionMask = 2147483647;
			files = (
				7588709B2663C2E800FAEA50 /* liblibtromino.a in Frameworks */,
			);
			runOnlyForDeploymentPostprocessing = 0;
		};
/* End PBXFrameworksBuildPhase section */

/* Begin PBXGroup section */
		7588705A2663BBD600FAEA50 = {
			isa = PBXGroup;
			children = (
				758870882663BF8400FAEA50 /* lib */,
				758870922663BFF000FAEA50 /* TrominoPuzzle.Cli */,
				758870822663BEF100FAEA50 /* Products */,
				7588709A2663C2E800FAEA50 /* Frameworks */,
			);
			sourceTree = "<group>";
		};
		758870822663BEF100FAEA50 /* Products */ = {
			isa = PBXGroup;
			children = (
				758870812663BEF100FAEA50 /* liblibtromino.a */,
				758870912663BFF000FAEA50 /* TrominoPuzzle.Cli */,
			);
			name = Products;
			sourceTree = "<group>";
		};
		758870882663BF8400FAEA50 /* lib */ = {
			isa = PBXGroup;
			children = (
				758870892663BF8400FAEA50 /* tromino.h */,
				7588708A2663BF8400FAEA50 /* tromino.c */,
			);
			name = lib;
			path = ../src/lib;
			sourceTree = "<group>";
		};
		758870922663BFF000FAEA50 /* TrominoPuzzle.Cli */ = {
			isa = PBXGroup;
			children = (
				75F5E54F2677F27C009F5035 /* trmn_graph_vt.cpp */,
				75F5E54E2677F27C009F5035 /* trmn_graph_vt.h */,
				75AC1BEC266D4A8D00771211 /* init.cpp */,
				75AC1BEE266D4A8E00771211 /* init.h */,
				75AC1BED266D4A8D00771211 /* trmn_graph.cpp */,
				75AC1BEF266D4A8E00771211 /* trmn_graph.h */,
				758870982663C0A300FAEA50 /* main.cpp */,
			);
			name = TrominoPuzzle.Cli;
			sourceTree = "<group>";
		};
		7588709A2663C2E800FAEA50 /* Frameworks */ = {
			isa = PBXGroup;
			children = (
			);
			name = Frameworks;
			sourceTree = "<group>";
		};
/* End PBXGroup section */

/* Begin PBXHeadersBuildPhase section */
		7588707D2663BEF100FAEA50 /* Headers */ = {
			isa = PBXHeadersBuildPhase;
			buildActionMask = 2147483647;
			files = (
				7588708B2663BF8400FAEA50 /* tromino.h in Headers */,
			);
			runOnlyForDeploymentPostprocessing = 0;
		};
/* End PBXHeadersBuildPhase section */

/* Begin PBXNativeTarget section */
		758870802663BEF100FAEA50 /* libtromino */ = {
			isa = PBXNativeTarget;
			buildConfigurationList = 758870852663BEF100FAEA50 /* Build configuration list for PBXNativeTarget "libtromino" */;
			buildPhases = (
				7588707D2663BEF100FAEA50 /* Headers */,
				7588707E2663BEF100FAEA50 /* Sources */,
				7588707F2663BEF100FAEA50 /* Frameworks */,
			);
			buildRules = (
			);
			dependencies = (
			);
			name = libtromino;
			productName = libtromino;
			productReference = 758870812663BEF100FAEA50 /* liblibtromino.a */;
			productType = "com.apple.product-type.library.static";
		};
		758870902663BFF000FAEA50 /* TrominoPuzzle.Cli */ = {
			isa = PBXNativeTarget;
			buildConfigurationList = 758870952663BFF000FAEA50 /* Build configuration list for PBXNativeTarget "TrominoPuzzle.Cli" */;
			buildPhases = (
				7588708D2663BFF000FAEA50 /* Sources */,
				7588708E2663BFF000FAEA50 /* Frameworks */,
				7588708F2663BFF000FAEA50 /* CopyFiles */,
			);
			buildRules = (
			);
			dependencies = (
				7588709D2663C30A00FAEA50 /* PBXTargetDependency */,
			);
			name = TrominoPuzzle.Cli;
			productName = TrominoPuzzle.Cli;
			productReference = 758870912663BFF000FAEA50 /* TrominoPuzzle.Cli */;
			productType = "com.apple.product-type.tool";
		};
/* End PBXNativeTarget section */

/* Begin PBXProject section */
		7588705B2663BBD600FAEA50 /* Project object */ = {
			isa = PBXProject;
			attributes = {
				LastUpgradeCheck = 1250;
				TargetAttributes = {
					758870802663BEF100FAEA50 = {
						CreatedOnToolsVersion = 12.5;
					};
					758870902663BFF000FAEA50 = {
						CreatedOnToolsVersion = 12.5;
					};
				};
			};
			buildConfigurationList = 7588705E2663BBD600FAEA50 /* Build configuration list for PBXProject "TrominoPuzzle" */;
			compatibilityVersion = "Xcode 9.3";
			developmentRegion = en;
			hasScannedForEncodings = 0;
			knownRegions = (
				en,
				Base,
			);
			mainGroup = 7588705A2663BBD600FAEA50;
			productRefGroup = 758870822663BEF100FAEA50 /* Products */;
			projectDirPath = "";
			projectRoot = "";
			targets = (
				758870802663BEF100FAEA50 /* libtromino */,
				758870902663BFF000FAEA50 /* TrominoPuzzle.Cli */,
			);
		};
/* End PBXProject section */

/* Begin PBXSourcesBuildPhase section */
		7588707E2663BEF100FAEA50 /* Sources */ = {
			isa = PBXSourcesBuildPhase;
			buildActionMask = 2147483647;
			files = (
				7588708C2663BF8400FAEA50 /* tromino.c in Sources */,
			);
			runOnlyForDeploymentPostprocessing = 0;
		};
		7588708D2663BFF000FAEA50 /* Sources */ = {
			isa = PBXSourcesBuildPhase;
			buildActionMask = 2147483647;
			files = (
				75AC1BF1266D4A8E00771211 /* trmn_graph.cpp in Sources */,
				75F5E5502677F27D009F5035 /* trmn_graph_vt.cpp in Sources */,
				758870992663C0A300FAEA50 /* main.cpp in Sources */,
				75AC1BF0266D4A8E00771211 /* init.cpp in Sources */,
			);
			runOnlyForDeploymentPostprocessing = 0;
		};
/* End PBXSourcesBuildPhase section */

/* Begin PBXTargetDependency section */
		7588709D2663C30A00FAEA50 /* PBXTargetDependency */ = {
			isa = PBXTargetDependency;
			target = 758870802663BEF100FAEA50 /* libtromino */;
			targetProxy = 7588709C2663C30A00FAEA50 /* PBXContainerItemProxy */;
		};
/* End PBXTargetDependency section */

/* Begin XCBuildConfiguration section */
		7588705F2663BBD600FAEA50 /* Debug */ = {
			isa = XCBuildConfiguration;
			buildSettings = {
			};
			name = Debug;
		};
		758870602663BBD600FAEA50 /* Release */ = {
			isa = XCBuildConfiguration;
			buildSettings = {
			};
			name = Release;
		};
		758870832663BEF100FAEA50 /* Debug */ = {
			isa = XCBuildConfiguration;
			buildSettings = {
				ALWAYS_SEARCH_USER_PATHS = NO;
				CLANG_ANALYZER_NONNULL = YES;
				CLANG_ANALYZER_NUMBER_OBJECT_CONVERSION = YES_AGGRESSIVE;
				CLANG_CXX_LANGUAGE_STANDARD = "c++17";
				CLANG_CXX_LIBRARY = "libc++";
				CLANG_ENABLE_MODULES = YES;
				CLANG_ENABLE_OBJC_ARC = YES;
				CLANG_ENABLE_OBJC_WEAK = YES;
				CLANG_WARN_BLOCK_CAPTURE_AUTORELEASING = YES;
				CLANG_WARN_BOOL_CONVERSION = YES;
				CLANG_WARN_COMMA = YES;
				CLANG_WARN_CONSTANT_CONVERSION = YES;
				CLANG_WARN_DEPRECATED_OBJC_IMPLEMENTATIONS = YES;
				CLANG_WARN_DIRECT_OBJC_ISA_USAGE = YES_ERROR;
				CLANG_WARN_DOCUMENTATION_COMMENTS = YES;
				CLANG_WARN_EMPTY_BODY = YES;
				CLANG_WARN_ENUM_CONVERSION = YES;
				CLANG_WARN_INFINITE_RECURSION = YES;
				CLANG_WARN_INT_CONVERSION = YES;
				CLANG_WARN_NON_LITERAL_NULL_CONVERSION = YES;
				CLANG_WARN_OBJC_IMPLICIT_RETAIN_SELF = YES;
				CLANG_WARN_OBJC_LITERAL_CONVERSION = YES;
				CLANG_WARN_OBJC_ROOT_CLASS = YES_ERROR;
				CLANG_WARN_QUOTED_INCLUDE_IN_FRAMEWORK_HEADER = YES;
				CLANG_WARN_RANGE_LOOP_ANALYSIS = YES;
				CLANG_WARN_STRICT_PROTOTYPES = YES;
				CLANG_WARN_SUSPICIOUS_MOVE = YES;
				CLANG_WARN_UNGUARDED_AVAILABILITY = YES_AGGRESSIVE;
				CLANG_WARN_UNREACHABLE_CODE = YES;
				CLANG_WARN__DUPLICATE_METHOD_MATCH = YES;
				CODE_SIGN_STYLE = Automatic;
				COPY_PHASE_STRIP = NO;
				DEBUG_INFORMATION_FORMAT = dwarf;
				ENABLE_STRICT_OBJC_MSGSEND = YES;
				ENABLE_TESTABILITY = YES;
				EXECUTABLE_PREFIX = lib;
				GCC_C_LANGUAGE_STANDARD = "iso9899:2018";
				GCC_DYNAMIC_NO_PIC = NO;
				GCC_NO_COMMON_BLOCKS = YES;
				GCC_OPTIMIZATION_LEVEL = 0;
				GCC_PREPROCESSOR_DEFINITIONS = (
					"DEBUG=1",
					"$(inherited)",
				);
				GCC_WARN_64_TO_32_BIT_CONVERSION = YES;
				GCC_WARN_ABOUT_RETURN_TYPE = YES_ERROR;
				GCC_WARN_UNDECLARED_SELECTOR = YES;
				GCC_WARN_UNINITIALIZED_AUTOS = YES_AGGRESSIVE;
				GCC_WARN_UNUSED_FUNCTION = YES;
				GCC_WARN_UNUSED_VARIABLE = YES;
				MACOSX_DEPLOYMENT_TARGET = 11.3;
				MTL_ENABLE_DEBUG_INFO = INCLUDE_SOURCE;
				MTL_FAST_MATH = YES;
				ONLY_ACTIVE_ARCH = YES;
				PRODUCT_NAME = "$(TARGET_NAME)";
				SDKROOT = macosx;
				SKIP_INSTALL = YES;
			};
			name = Debug;
		};
		758870842663BEF100FAEA50 /* Release */ = {
			isa = XCBuildConfiguration;
			buildSettings = {
				ALWAYS_SEARCH_USER_PATHS = NO;
				CLANG_ANALYZER_NONNULL = YES;
				CLANG_ANALYZER_NUMBER_OBJECT_CONVERSION = YES_AGGRESSIVE;
				CLANG_CXX_LANGUAGE_STANDARD = "c++17";
				CLANG_CXX_LIBRARY = "libc++";
				CLANG_ENABLE_MODULES = YES;
				CLANG_ENABLE_OBJC_ARC = YES;
				CLANG_ENABLE_OBJC_WEAK = YES;
				CLANG_WARN_BLOCK_CAPTURE_AUTORELEASING = YES;
				CLANG_WARN_BOOL_CONVERSION = YES;
				CLANG_WARN_COMMA = YES;
				CLANG_WARN_CONSTANT_CONVERSION = YES;
				CLANG_WARN_DEPRECATED_OBJC_IMPLEMENTATIONS = YES;
				CLANG_WARN_DIRECT_OBJC_ISA_USAGE = YES_ERROR;
				CLANG_WARN_DOCUMENTATION_COMMENTS = YES;
				CLANG_WARN_EMPTY_BODY = YES;
				CLANG_WARN_ENUM_CONVERSION = YES;
				CLANG_WARN_INFINITE_RECURSION = YES;
				CLANG_WARN_INT_CONVERSION = YES;
				CLANG_WARN_NON_LITERAL_NULL_CONVERSION = YES;
				CLANG_WARN_OBJC_IMPLICIT_RETAIN_SELF = YES;
				CLANG_WARN_OBJC_LITERAL_CONVERSION = YES;
				CLANG_WARN_OBJC_ROOT_CLASS = YES_ERROR;
				CLANG_WARN_QUOTED_INCLUDE_IN_FRAMEWORK_HEADER = YES;
				CLANG_WARN_RANGE_LOOP_ANALYSIS = YES;
				CLANG_WARN_STRICT_PROTOTYPES = YES;
				CLANG_WARN_SUSPICIOUS_MOVE = YES;
				CLANG_WARN_UNGUARDED_AVAILABILITY = YES_AGGRESSIVE;
				CLANG_WARN_UNREACHABLE_CODE = YES;
				CLANG_WARN__DUPLICATE_METHOD_MATCH = YES;
				CODE_SIGN_STYLE = Automatic;
				COPY_PHASE_STRIP = NO;
				DEBUG_INFORMATION_FORMAT = "dwarf-with-dsym";
				ENABLE_NS_ASSERTIONS = NO;
				ENABLE_STRICT_OBJC_MSGSEND = YES;
				EXECUTABLE_PREFIX = lib;
				GCC_C_LANGUAGE_STANDARD = "iso9899:2018";
				GCC_NO_COMMON_BLOCKS = YES;
				GCC_WARN_64_TO_32_BIT_CONVERSION = YES;
				GCC_WARN_ABOUT_RETURN_TYPE = YES_ERROR;
				GCC_WARN_UNDECLARED_SELECTOR = YES;
				GCC_WARN_UNINITIALIZED_AUTOS = YES_AGGRESSIVE;
				GCC_WARN_UNUSED_FUNCTION = YES;
				GCC_WARN_UNUSED_VARIABLE = YES;
				MACOSX_DEPLOYMENT_TARGET = 11.3;
				MTL_ENABLE_DEBUG_INFO = NO;
				MTL_FAST_MATH = YES;
				PRODUCT_NAME = "$(TARGET_NAME)";
				SDKROOT = macosx;
				SKIP_INSTALL = YES;
			};
			name = Release;
		};
		758870962663BFF000FAEA50 /* Debug */ = {
			isa = XCBuildConfiguration;
			buildSettings = {
				ALWAYS_SEARCH_USER_PATHS = NO;
				CLANG_ANALYZER_NONNULL = YES;
				CLANG_ANALYZER_NUMBER_OBJECT_CONVERSION = YES_AGGRESSIVE;
				CLANG_CXX_LANGUAGE_STANDARD = "c++17";
				CLANG_CXX_LIBRARY = "libc++";
				CLANG_ENABLE_MODULES = YES;
				CLANG_ENABLE_OBJC_ARC = YES;
				CLANG_ENABLE_OBJC_WEAK = YES;
				CLANG_WARN_BLOCK_CAPTURE_AUTORELEASING = YES;
				CLANG_WARN_BOOL_CONVERSION = YES;
				CLANG_WARN_COMMA = YES;
				CLANG_WARN_CONSTANT_CONVERSION = YES;
				CLANG_WARN_DEPRECATED_OBJC_IMPLEMENTATIONS = YES;
				CLANG_WARN_DIRECT_OBJC_ISA_USAGE = YES_ERROR;
				CLANG_WARN_DOCUMENTATION_COMMENTS = YES;
				CLANG_WARN_EMPTY_BODY = YES;
				CLANG_WARN_ENUM_CONVERSION = YES;
				CLANG_WARN_INFINITE_RECURSION = YES;
				CLANG_WARN_INT_CONVERSION = YES;
				CLANG_WARN_NON_LITERAL_NULL_CONVERSION = YES;
				CLANG_WARN_OBJC_IMPLICIT_RETAIN_SELF = YES;
				CLANG_WARN_OBJC_LITERAL_CONVERSION = YES;
				CLANG_WARN_OBJC_ROOT_CLASS = YES_ERROR;
				CLANG_WARN_QUOTED_INCLUDE_IN_FRAMEWORK_HEADER = YES;
				CLANG_WARN_RANGE_LOOP_ANALYSIS = YES;
				CLANG_WARN_STRICT_PROTOTYPES = YES;
				CLANG_WARN_SUSPICIOUS_MOVE = YES;
				CLANG_WARN_UNGUARDED_AVAILABILITY = YES_AGGRESSIVE;
				CLANG_WARN_UNREACHABLE_CODE = YES;
				CLANG_WARN__DUPLICATE_METHOD_MATCH = YES;
				CODE_SIGN_STYLE = Automatic;
				COPY_PHASE_STRIP = NO;
				DEBUG_INFORMATION_FORMAT = dwarf;
				ENABLE_STRICT_OBJC_MSGSEND = YES;
				ENABLE_TESTABILITY = YES;
				GCC_C_LANGUAGE_STANDARD = "iso9899:2018";
				GCC_DYNAMIC_NO_PIC = NO;
				GCC_NO_COMMON_BLOCKS = YES;
				GCC_OPTIMIZATION_LEVEL = 0;
				GCC_PREPROCESSOR_DEFINITIONS = (
					"DEBUG=1",
					"$(inherited)",
				);
				GCC_WARN_64_TO_32_BIT_CONVERSION = YES;
				GCC_WARN_ABOUT_RETURN_TYPE = YES_ERROR;
				GCC_WARN_UNDECLARED_SELECTOR = YES;
				GCC_WARN_UNINITIALIZED_AUTOS = YES_AGGRESSIVE;
				GCC_WARN_UNUSED_FUNCTION = YES;
				GCC_WARN_UNUSED_VARIABLE = YES;
				MACOSX_DEPLOYMENT_TARGET = 11.3;
				MTL_ENABLE_DEBUG_INFO = INCLUDE_SOURCE;
				MTL_FAST_MATH = YES;
				ONLY_ACTIVE_ARCH = YES;
				PRODUCT_NAME = "$(TARGET_NAME)";
				SDKROOT = macosx;
			};
			name = Debug;
		};
		758870972663BFF000FAEA50 /* Release */ = {
			isa = XCBuildConfiguration;
			buildSettings = {
				ALWAYS_SEARCH_USER_PATHS = NO;
				CLANG_ANALYZER_NONNULL = YES;
				CLANG_ANALYZER_NUMBER_OBJECT_CONVERSION = YES_AGGRESSIVE;
				CLANG_CXX_LANGUAGE_STANDARD = "c++17";
				CLANG_CXX_LIBRARY = "libc++";
				CLANG_ENABLE_MODULES = YES;
				CLANG_ENABLE_OBJC_ARC = YES;
				CLANG_ENABLE_OBJC_WEAK = YES;
				CLANG_WARN_BLOCK_CAPTURE_AUTORELEASING = YES;
				CLANG_WARN_BOOL_CONVERSION = YES;
				CLANG_WARN_COMMA = YES;
				CLANG_WARN_CONSTANT_CONVERSION = YES;
				CLANG_WARN_DEPRECATED_OBJC_IMPLEMENTATIONS = YES;
				CLANG_WARN_DIRECT_OBJC_ISA_USAGE = YES_ERROR;
				CLANG_WARN_DOCUMENTATION_COMMENTS = YES;
				CLANG_WARN_EMPTY_BODY = YES;
				CLANG_WARN_ENUM_CONVERSION = YES;
				CLANG_WARN_INFINITE_RECURSION = YES;
				CLANG_WARN_INT_CONVERSION = YES;
				CLANG_WARN_NON_LITERAL_NULL_CONVERSION = YES;
				CLANG_WARN_OBJC_IMPLICIT_RETAIN_SELF = YES;
				CLANG_WARN_OBJC_LITERAL_CONVERSION = YES;
				CLANG_WARN_OBJC_ROOT_CLASS = YES_ERROR;
				CLANG_WARN_QUOTED_INCLUDE_IN_FRAMEWORK_HEADER = YES;
				CLANG_WARN_RANGE_LOOP_ANALYSIS = YES;
				CLANG_WARN_STRICT_PROTOTYPES = YES;
				CLANG_WARN_SUSPICIOUS_MOVE = YES;
				CLANG_WARN_UNGUARDED_AVAILABILITY = YES_AGGRESSIVE;
				CLANG_WARN_UNREACHABLE_CODE = YES;
				CLANG_WARN__DUPLICATE_METHOD_MATCH = YES;
				CODE_SIGN_STYLE = Automatic;
				COPY_PHASE_STRIP = NO;
				DEBUG_INFORMATION_FORMAT = "dwarf-with-dsym";
				ENABLE_NS_ASSERTIONS = NO;
				ENABLE_STRICT_OBJC_MSGSEND = YES;
				GCC_C_LANGUAGE_STANDARD = "iso9899:2018";
				GCC_NO_COMMON_BLOCKS = YES;
				GCC_PREPROCESSOR_DEFINITIONS = "NDEBUG=1";
				GCC_WARN_64_TO_32_BIT_CONVERSION = YES;
				GCC_WARN_ABOUT_RETURN_TYPE = YES_ERROR;
				GCC_WARN_UNDECLARED_SELECTOR = YES;
				GCC_WARN_UNINITIALIZED_AUTOS = YES_AGGRESSIVE;
				GCC_WARN_UNUSED_FUNCTION = YES;
				GCC_WARN_UNUSED_VARIABLE = YES;
				MACOSX_DEPLOYMENT_TARGET = 11.3;
				MTL_ENABLE_DEBUG_INFO = NO;
				MTL_FAST_MATH = YES;
				PRODUCT_NAME = "$(TARGET_NAME)";
				SDKROOT = macosx;
			};
			name = Release;
		};
/* End XCBuildConfiguration section */

/* Begin XCConfigurationList section */
		7588705E2663BBD600FAEA50 /* Build configuration list for PBXProject "TrominoPuzzle" */ = {
			isa = XCConfigurationList;
			buildConfigurations = (
				7588705F2663BBD600FAEA50 /* Debug */,
				758870602663BBD600FAEA50 /* Release */,
			);
			defaultConfigurationIsVisible = 0;
			defaultConfigurationName = Release;
		};
		758870852663BEF100FAEA50 /* Build configuration list for PBXNativeTarget "libtromino" */ = {
			isa = XCConfigurationList;
			buildConfigurations = (
				758870832663BEF100FAEA50 /* Debug */,
				758870842663BEF100FAEA50 /* Release */,
			);
			defaultConfigurationIsVisible = 0;
			defaultConfigurationName = Release;
		};
		758870952663BFF000FAEA50 /* Build configuration list for PBXNativeTarget "TrominoPuzzle.Cli" */ = {
			isa = XCConfigurationList;
			buildConfigurations = (
				758870962663BFF000FAEA50 /* Debug */,
				758870972663BFF000FAEA50 /* Release */,
			);
			defaultConfigurationIsVisible = 0;
			defaultConfigurationName = Release;
		};
/* End XCConfigurationList section */
	};
	rootObject = 7588705B2663BBD600FAEA50 /* Project object */;
}
