// !$*UTF8*$!
{
	archiveVersion = 1;
	classes = {
	};
	objectVersion = 56;
	objects = {

/* Begin PBXBuildFile section */
		7503E7DB26C896C90018B1F2 /* tromino_gfx2d.h in Headers */ = {isa = PBXBuildFile; fileRef = 7503E7D926C896C90018B1F2 /* tromino_gfx2d.h */; settings = {ATTRIBUTES = (Public, ); }; };
		7503E7DC26C896C90018B1F2 /* tromino_gfx2d.cpp in Sources */ = {isa = PBXBuildFile; fileRef = 7503E7DA26C896C90018B1F2 /* tromino_gfx2d.cpp */; };
		750984C326E44E83005B6E82 /* window.cpp in Sources */ = {isa = PBXBuildFile; fileRef = 750984C126E44E83005B6E82 /* window.cpp */; };
		750984C426E44E83005B6E82 /* window.h in Headers */ = {isa = PBXBuildFile; fileRef = 750984C226E44E83005B6E82 /* window.h */; settings = {ATTRIBUTES = (Public, ); }; };
		750984C726E45054005B6E82 /* view_model.cpp in Sources */ = {isa = PBXBuildFile; fileRef = 750984C526E45054005B6E82 /* view_model.cpp */; };
		750984C826E45054005B6E82 /* view_model.h in Headers */ = {isa = PBXBuildFile; fileRef = 750984C626E45054005B6E82 /* view_model.h */; settings = {ATTRIBUTES = (Public, ); }; };
		750984CC26E45076005B6E82 /* style.h in Headers */ = {isa = PBXBuildFile; fileRef = 750984CA26E45076005B6E82 /* style.h */; settings = {ATTRIBUTES = (Public, ); }; };
		750984D026E455FE005B6E82 /* board.h in Headers */ = {isa = PBXBuildFile; fileRef = 750984CE26E455FE005B6E82 /* board.h */; settings = {ATTRIBUTES = (Public, ); }; };
		750984D426E55220005B6E82 /* step.h in Headers */ = {isa = PBXBuildFile; fileRef = 750984D226E55220005B6E82 /* step.h */; settings = {ATTRIBUTES = (Public, ); }; };
/* End PBXBuildFile section */

/* Begin PBXFileReference section */
		7503E7B426C891FF0018B1F2 /* libtromino2d.a */ = {isa = PBXFileReference; explicitFileType = archive.ar; includeInIndex = 0; path = libtromino2d.a; sourceTree = BUILT_PRODUCTS_DIR; };
		7503E7D926C896C90018B1F2 /* tromino_gfx2d.h */ = {isa = PBXFileReference; fileEncoding = 4; lastKnownFileType = sourcecode.c.h; path = tromino_gfx2d.h; sourceTree = "<group>"; };
		7503E7DA26C896C90018B1F2 /* tromino_gfx2d.cpp */ = {isa = PBXFileReference; fileEncoding = 4; lastKnownFileType = sourcecode.cpp.cpp; path = tromino_gfx2d.cpp; sourceTree = "<group>"; };
		750984C126E44E83005B6E82 /* window.cpp */ = {isa = PBXFileReference; lastKnownFileType = sourcecode.cpp.cpp; path = window.cpp; sourceTree = "<group>"; };
		750984C226E44E83005B6E82 /* window.h */ = {isa = PBXFileReference; lastKnownFileType = sourcecode.c.h; path = window.h; sourceTree = "<group>"; };
		750984C526E45054005B6E82 /* view_model.cpp */ = {isa = PBXFileReference; lastKnownFileType = sourcecode.cpp.cpp; path = view_model.cpp; sourceTree = "<group>"; };
		750984C626E45054005B6E82 /* view_model.h */ = {isa = PBXFileReference; lastKnownFileType = sourcecode.c.h; path = view_model.h; sourceTree = "<group>"; };
		750984CA26E45076005B6E82 /* style.h */ = {isa = PBXFileReference; lastKnownFileType = sourcecode.c.h; path = style.h; sourceTree = "<group>"; };
		750984CE26E455FE005B6E82 /* board.h */ = {isa = PBXFileReference; lastKnownFileType = sourcecode.c.h; path = board.h; sourceTree = "<group>"; };
		750984D226E55220005B6E82 /* step.h */ = {isa = PBXFileReference; lastKnownFileType = sourcecode.c.h; path = step.h; sourceTree = "<group>"; };
		755F9D222811CAF8004C54E0 /* Config.xcconfig */ = {isa = PBXFileReference; lastKnownFileType = text.xcconfig; path = Config.xcconfig; sourceTree = "<group>"; };
/* End PBXFileReference section */

/* Begin PBXFrameworksBuildPhase section */
		7503E7B226C891FF0018B1F2 /* Frameworks */ = {
			isa = PBXFrameworksBuildPhase;
			buildActionMask = 2147483647;
			files = (
			);
			runOnlyForDeploymentPostprocessing = 0;
		};
/* End PBXFrameworksBuildPhase section */

/* Begin PBXGroup section */
		7503E7AB26C891FF0018B1F2 = {
			isa = PBXGroup;
			children = (
				755F9D222811CAF8004C54E0 /* Config.xcconfig */,
				7503E7E526C8EB490018B1F2 /* Frameworks */,
				7503E7D826C896C90018B1F2 /* gfx2d */,
				7503E7B526C891FF0018B1F2 /* Products */,
			);
			sourceTree = "<group>";
		};
		7503E7B526C891FF0018B1F2 /* Products */ = {
			isa = PBXGroup;
			children = (
				7503E7B426C891FF0018B1F2 /* libtromino2d.a */,
			);
			name = Products;
			sourceTree = "<group>";
		};
		7503E7D826C896C90018B1F2 /* gfx2d */ = {
			isa = PBXGroup;
			children = (
				750984CE26E455FE005B6E82 /* board.h */,
				750984D226E55220005B6E82 /* step.h */,
				750984CA26E45076005B6E82 /* style.h */,
				7503E7DA26C896C90018B1F2 /* tromino_gfx2d.cpp */,
				7503E7D926C896C90018B1F2 /* tromino_gfx2d.h */,
				750984C526E45054005B6E82 /* view_model.cpp */,
				750984C626E45054005B6E82 /* view_model.h */,
				750984C126E44E83005B6E82 /* window.cpp */,
				750984C226E44E83005B6E82 /* window.h */,
			);
			name = gfx2d;
			path = ../../src/gfx2d;
			sourceTree = "<group>";
		};
		7503E7E526C8EB490018B1F2 /* Frameworks */ = {
			isa = PBXGroup;
			children = (
			);
			name = Frameworks;
			sourceTree = "<group>";
		};
/* End PBXGroup section */

/* Begin PBXHeadersBuildPhase section */
		7503E7B026C891FF0018B1F2 /* Headers */ = {
			isa = PBXHeadersBuildPhase;
			buildActionMask = 2147483647;
			files = (
				750984D026E455FE005B6E82 /* board.h in Headers */,
				750984D426E55220005B6E82 /* step.h in Headers */,
				750984CC26E45076005B6E82 /* style.h in Headers */,
				7503E7DB26C896C90018B1F2 /* tromino_gfx2d.h in Headers */,
				750984C826E45054005B6E82 /* view_model.h in Headers */,
				750984C426E44E83005B6E82 /* window.h in Headers */,
			);
			runOnlyForDeploymentPostprocessing = 0;
		};
/* End PBXHeadersBuildPhase section */

/* Begin PBXNativeTarget section */
		7503E7B326C891FF0018B1F2 /* LibTromino2d */ = {
			isa = PBXNativeTarget;
			buildConfigurationList = 7503E7B826C891FF0018B1F2 /* Build configuration list for PBXNativeTarget "LibTromino2d" */;
			buildPhases = (
				7503E7B026C891FF0018B1F2 /* Headers */,
				7503E7B126C891FF0018B1F2 /* Sources */,
				7503E7B226C891FF0018B1F2 /* Frameworks */,
			);
			buildRules = (
			);
			dependencies = (
			);
			name = LibTromino2d;
			productName = LibTromino2d;
			productReference = 7503E7B426C891FF0018B1F2 /* libtromino2d.a */;
			productType = "com.apple.product-type.library.static";
		};
/* End PBXNativeTarget section */

/* Begin PBXProject section */
		7503E7AC26C891FF0018B1F2 /* Project object */ = {
			isa = PBXProject;
			attributes = {
				LastUpgradeCheck = 1410;
				TargetAttributes = {
					7503E7B326C891FF0018B1F2 = {
						CreatedOnToolsVersion = 12.5.1;
					};
				};
			};
			buildConfigurationList = 7503E7AF26C891FF0018B1F2 /* Build configuration list for PBXProject "LibTromino2d" */;
			compatibilityVersion = "Xcode 14.0";
			developmentRegion = en;
			hasScannedForEncodings = 0;
			knownRegions = (
				en,
				Base,
			);
			mainGroup = 7503E7AB26C891FF0018B1F2;
			productRefGroup = 7503E7B526C891FF0018B1F2 /* Products */;
			projectDirPath = "";
			projectRoot = "";
			targets = (
				7503E7B326C891FF0018B1F2 /* LibTromino2d */,
			);
		};
/* End PBXProject section */

/* Begin PBXSourcesBuildPhase section */
		7503E7B126C891FF0018B1F2 /* Sources */ = {
			isa = PBXSourcesBuildPhase;
			buildActionMask = 2147483647;
			files = (
				7503E7DC26C896C90018B1F2 /* tromino_gfx2d.cpp in Sources */,
				750984C326E44E83005B6E82 /* window.cpp in Sources */,
				750984C726E45054005B6E82 /* view_model.cpp in Sources */,
			);
			runOnlyForDeploymentPostprocessing = 0;
		};
/* End PBXSourcesBuildPhase section */

/* Begin XCBuildConfiguration section */
		7503E7B626C891FF0018B1F2 /* Debug */ = {
			isa = XCBuildConfiguration;
			baseConfigurationReference = 755F9D222811CAF8004C54E0 /* Config.xcconfig */;
			buildSettings = {
				ALWAYS_SEARCH_USER_PATHS = NO;
				CLANG_ANALYZER_NONNULL = YES;
				CLANG_ANALYZER_NUMBER_OBJECT_CONVERSION = YES_AGGRESSIVE;
				CLANG_CXX_LANGUAGE_STANDARD = "c++17";
				CLANG_ENABLE_MODULES = YES;
				CLANG_ENABLE_OBJC_ARC = YES;
				CLANG_ENABLE_OBJC_WEAK = YES;
				CLANG_WARN_BLOCK_CAPTURE_AUTORELEASING = YES;
				CLANG_WARN_BOOL_CONVERSION = YES;
				CLANG_WARN_COMMA = YES;
				CLANG_WARN_CONSTANT_CONVERSION = YES;
				CLANG_WARN_DEPRECATED_OBJC_IMPLEMENTATIONS = YES;
				CLANG_WARN_DIRECT_OBJC_ISA_USAGE = YES_ERROR;
				CLANG_WARN_DOCUMENTATION_COMMENTS = YES;
				CLANG_WARN_EMPTY_BODY = YES;
				CLANG_WARN_ENUM_CONVERSION = YES;
				CLANG_WARN_INFINITE_RECURSION = YES;
				CLANG_WARN_INT_CONVERSION = YES;
				CLANG_WARN_NON_LITERAL_NULL_CONVERSION = YES;
				CLANG_WARN_OBJC_IMPLICIT_RETAIN_SELF = YES;
				CLANG_WARN_OBJC_LITERAL_CONVERSION = YES;
				CLANG_WARN_OBJC_ROOT_CLASS = YES_ERROR;
				CLANG_WARN_QUOTED_INCLUDE_IN_FRAMEWORK_HEADER = NO;
				CLANG_WARN_RANGE_LOOP_ANALYSIS = YES;
				CLANG_WARN_STRICT_PROTOTYPES = YES;
				CLANG_WARN_SUSPICIOUS_MOVE = YES;
				CLANG_WARN_UNGUARDED_AVAILABILITY = YES_AGGRESSIVE;
				CLANG_WARN_UNREACHABLE_CODE = YES;
				CLANG_WARN__DUPLICATE_METHOD_MATCH = YES;
				COPY_PHASE_STRIP = NO;
				DEAD_CODE_STRIPPING = YES;
				DEBUG_INFORMATION_FORMAT = dwarf;
				ENABLE_STRICT_OBJC_MSGSEND = YES;
				ENABLE_TESTABILITY = YES;
				GCC_C_LANGUAGE_STANDARD = c17;
				GCC_DYNAMIC_NO_PIC = NO;
				GCC_ENABLE_CPP_EXCEPTIONS = NO;
				GCC_ENABLE_CPP_RTTI = NO;
				GCC_NO_COMMON_BLOCKS = YES;
				GCC_OPTIMIZATION_LEVEL = 0;
				GCC_PREPROCESSOR_DEFINITIONS = (
					"DEBUG=1",
					"$(inherited)",
				);
				GCC_TREAT_WARNINGS_AS_ERRORS = YES;
				GCC_WARN_64_TO_32_BIT_CONVERSION = YES;
				GCC_WARN_ABOUT_RETURN_TYPE = YES_ERROR;
				GCC_WARN_PEDANTIC = YES;
				GCC_WARN_UNDECLARED_SELECTOR = YES;
				GCC_WARN_UNINITIALIZED_AUTOS = YES_AGGRESSIVE;
				GCC_WARN_UNUSED_FUNCTION = YES;
				GCC_WARN_UNUSED_VARIABLE = YES;
				HEADER_SEARCH_PATHS = ../../src/libtromino;
				INFOPLIST_KEY_NSHumanReadableCopyright = "Copyright © 2021-2022 Omar Boukli-Hacene. All rights reserved.";
				MTL_ENABLE_DEBUG_INFO = INCLUDE_SOURCE;
				MTL_FAST_MATH = YES;
				ONLY_ACTIVE_ARCH = YES;
				SDKROOT = macosx;
				SYSTEM_HEADER_SEARCH_PATHS = "../../vcpkg/installed/x64-osx-dynamic/include";
			};
			name = Debug;
		};
		7503E7B726C891FF0018B1F2 /* Release */ = {
			isa = XCBuildConfiguration;
			baseConfigurationReference = 755F9D222811CAF8004C54E0 /* Config.xcconfig */;
			buildSettings = {
				ALWAYS_SEARCH_USER_PATHS = NO;
				CLANG_ANALYZER_NONNULL = YES;
				CLANG_ANALYZER_NUMBER_OBJECT_CONVERSION = YES_AGGRESSIVE;
				CLANG_CXX_LANGUAGE_STANDARD = "c++17";
				CLANG_ENABLE_MODULES = YES;
				CLANG_ENABLE_OBJC_ARC = YES;
				CLANG_ENABLE_OBJC_WEAK = YES;
				CLANG_WARN_BLOCK_CAPTURE_AUTORELEASING = YES;
				CLANG_WARN_BOOL_CONVERSION = YES;
				CLANG_WARN_COMMA = YES;
				CLANG_WARN_CONSTANT_CONVERSION = YES;
				CLANG_WARN_DEPRECATED_OBJC_IMPLEMENTATIONS = YES;
				CLANG_WARN_DIRECT_OBJC_ISA_USAGE = YES_ERROR;
				CLANG_WARN_DOCUMENTATION_COMMENTS = YES;
				CLANG_WARN_EMPTY_BODY = YES;
				CLANG_WARN_ENUM_CONVERSION = YES;
				CLANG_WARN_INFINITE_RECURSION = YES;
				CLANG_WARN_INT_CONVERSION = YES;
				CLANG_WARN_NON_LITERAL_NULL_CONVERSION = YES;
				CLANG_WARN_OBJC_IMPLICIT_RETAIN_SELF = YES;
				CLANG_WARN_OBJC_LITERAL_CONVERSION = YES;
				CLANG_WARN_OBJC_ROOT_CLASS = YES_ERROR;
				CLANG_WARN_QUOTED_INCLUDE_IN_FRAMEWORK_HEADER = NO;
				CLANG_WARN_RANGE_LOOP_ANALYSIS = YES;
				CLANG_WARN_STRICT_PROTOTYPES = YES;
				CLANG_WARN_SUSPICIOUS_MOVE = YES;
				CLANG_WARN_UNGUARDED_AVAILABILITY = YES_AGGRESSIVE;
				CLANG_WARN_UNREACHABLE_CODE = YES;
				CLANG_WARN__DUPLICATE_METHOD_MATCH = YES;
				COPY_PHASE_STRIP = NO;
				DEAD_CODE_STRIPPING = YES;
				DEBUG_INFORMATION_FORMAT = "dwarf-with-dsym";
				ENABLE_NS_ASSERTIONS = NO;
				ENABLE_STRICT_OBJC_MSGSEND = YES;
				GCC_C_LANGUAGE_STANDARD = c17;
				GCC_ENABLE_CPP_EXCEPTIONS = NO;
				GCC_ENABLE_CPP_RTTI = NO;
				GCC_NO_COMMON_BLOCKS = YES;
				GCC_PREPROCESSOR_DEFINITIONS = NDEBUG;
				GCC_TREAT_WARNINGS_AS_ERRORS = YES;
				GCC_WARN_64_TO_32_BIT_CONVERSION = YES;
				GCC_WARN_ABOUT_RETURN_TYPE = YES_ERROR;
				GCC_WARN_PEDANTIC = YES;
				GCC_WARN_UNDECLARED_SELECTOR = YES;
				GCC_WARN_UNINITIALIZED_AUTOS = YES_AGGRESSIVE;
				GCC_WARN_UNUSED_FUNCTION = YES;
				GCC_WARN_UNUSED_VARIABLE = YES;
				HEADER_SEARCH_PATHS = ../../src/libtromino;
				INFOPLIST_KEY_NSHumanReadableCopyright = "Copyright © 2021-2022 Omar Boukli-Hacene. All rights reserved.";
				MTL_ENABLE_DEBUG_INFO = NO;
				MTL_FAST_MATH = YES;
				SDKROOT = macosx;
				SYSTEM_HEADER_SEARCH_PATHS = "../../vcpkg/installed/x64-osx-dynamic/include";
			};
			name = Release;
		};
		7503E7B926C891FF0018B1F2 /* Debug */ = {
			isa = XCBuildConfiguration;
			buildSettings = {
				CODE_SIGN_STYLE = Automatic;
				DEAD_CODE_STRIPPING = YES;
				EXECUTABLE_PREFIX = lib;
				FRAMEWORK_SEARCH_PATHS = (
					"$(inherited)",
					"$(LOCAL_LIBRARY_DIR)/Frameworks",
				);
				INFOPLIST_KEY_NSHumanReadableCopyright = "Copyright © 2022 Omar Boukli-Hacene";
				PRODUCT_NAME = tromino2d;
				SKIP_INSTALL = YES;
			};
			name = Debug;
		};
		7503E7BA26C891FF0018B1F2 /* Release */ = {
			isa = XCBuildConfiguration;
			buildSettings = {
				CODE_SIGN_STYLE = Automatic;
				DEAD_CODE_STRIPPING = YES;
				EXECUTABLE_PREFIX = lib;
				FRAMEWORK_SEARCH_PATHS = (
					"$(inherited)",
					"$(LOCAL_LIBRARY_DIR)/Frameworks",
				);
				INFOPLIST_KEY_NSHumanReadableCopyright = "Copyright © 2022 Omar Boukli-Hacene";
				PRODUCT_NAME = tromino2d;
				SKIP_INSTALL = YES;
			};
			name = Release;
		};
/* End XCBuildConfiguration section */

/* Begin XCConfigurationList section */
		7503E7AF26C891FF0018B1F2 /* Build configuration list for PBXProject "LibTromino2d" */ = {
			isa = XCConfigurationList;
			buildConfigurations = (
				7503E7B626C891FF0018B1F2 /* Debug */,
				7503E7B726C891FF0018B1F2 /* Release */,
			);
			defaultConfigurationIsVisible = 0;
			defaultConfigurationName = Release;
		};
		7503E7B826C891FF0018B1F2 /* Build configuration list for PBXNativeTarget "LibTromino2d" */ = {
			isa = XCConfigurationList;
			buildConfigurations = (
				7503E7B926C891FF0018B1F2 /* Debug */,
				7503E7BA26C891FF0018B1F2 /* Release */,
			);
			defaultConfigurationIsVisible = 0;
			defaultConfigurationName = Release;
		};
/* End XCConfigurationList section */
	};
	rootObject = 7503E7AC26C891FF0018B1F2 /* Project object */;
}
