// !$*UTF8*$!
{
	archiveVersion = 1;
	classes = {
	};
	objectVersion = 56;
	objects = {

/* Begin PBXBuildFile section */
		756358522A9BCC0F001775E2 /* tromino_stop_flag.cpp in Sources */ = {isa = PBXBuildFile; fileRef = 756358512A9BCC0F001775E2 /* tromino_stop_flag.cpp */; };
		758EF494284E53120069A198 /* libtromino.a in Frameworks */ = {isa = PBXBuildFile; fileRef = 758EF493284E53120069A198 /* libtromino.a */; };
		758EF496284E53120069A198 /* libtromino-validation.a in Frameworks */ = {isa = PBXBuildFile; fileRef = 758EF495284E53120069A198 /* libtromino-validation.a */; };
		75D21CD12A63D0A100E96F5B /* validation_unittest.cpp in Sources */ = {isa = PBXBuildFile; fileRef = 75D21CD02A63D0A100E96F5B /* validation_unittest.cpp */; };
		75D21CD92A63D0BB00E96F5B /* unittest_helper.cpp in Sources */ = {isa = PBXBuildFile; fileRef = 75D21CD32A63D0BB00E96F5B /* unittest_helper.cpp */; };
		75D21CDA2A63D0BB00E96F5B /* tromino_64x64_unittest.cpp in Sources */ = {isa = PBXBuildFile; fileRef = 75D21CD42A63D0BB00E96F5B /* tromino_64x64_unittest.cpp */; };
		75D21CDC2A63D0BB00E96F5B /* tromino_4x4_unittest.cpp in Sources */ = {isa = PBXBuildFile; fileRef = 75D21CD62A63D0BB00E96F5B /* tromino_4x4_unittest.cpp */; };
		75D21CDD2A63D0BB00E96F5B /* tromino_2x2_unittest.cpp in Sources */ = {isa = PBXBuildFile; fileRef = 75D21CD72A63D0BB00E96F5B /* tromino_2x2_unittest.cpp */; };
		75D21CDF2A63D29A00E96F5B /* main.cpp in Sources */ = {isa = PBXBuildFile; fileRef = 75D21CDE2A63D29A00E96F5B /* main.cpp */; };
/* End PBXBuildFile section */

/* Begin PBXFileReference section */
		7503E7A126C891260018B1F2 /* UnitTests */ = {isa = PBXFileReference; explicitFileType = "compiled.mach-o.executable"; includeInIndex = 0; path = UnitTests; sourceTree = BUILT_PRODUCTS_DIR; };
		755F9D212811CA4B004C54E0 /* Config.xcconfig */ = {isa = PBXFileReference; lastKnownFileType = text.xcconfig; path = Config.xcconfig; sourceTree = "<group>"; };
		756358512A9BCC0F001775E2 /* tromino_stop_flag.cpp */ = {isa = PBXFileReference; lastKnownFileType = sourcecode.cpp.cpp; path = tromino_stop_flag.cpp; sourceTree = "<group>"; };
		758EF493284E53120069A198 /* libtromino.a */ = {isa = PBXFileReference; explicitFileType = archive.ar; path = libtromino.a; sourceTree = BUILT_PRODUCTS_DIR; };
		758EF495284E53120069A198 /* libtromino-validation.a */ = {isa = PBXFileReference; explicitFileType = archive.ar; path = "libtromino-validation.a"; sourceTree = BUILT_PRODUCTS_DIR; };
		75D21CD02A63D0A100E96F5B /* validation_unittest.cpp */ = {isa = PBXFileReference; fileEncoding = 4; lastKnownFileType = sourcecode.cpp.cpp; path = validation_unittest.cpp; sourceTree = "<group>"; };
		75D21CD32A63D0BB00E96F5B /* unittest_helper.cpp */ = {isa = PBXFileReference; fileEncoding = 4; lastKnownFileType = sourcecode.cpp.cpp; path = unittest_helper.cpp; sourceTree = "<group>"; };
		75D21CD42A63D0BB00E96F5B /* tromino_64x64_unittest.cpp */ = {isa = PBXFileReference; fileEncoding = 4; lastKnownFileType = sourcecode.cpp.cpp; path = tromino_64x64_unittest.cpp; sourceTree = "<group>"; };
		75D21CD62A63D0BB00E96F5B /* tromino_4x4_unittest.cpp */ = {isa = PBXFileReference; fileEncoding = 4; lastKnownFileType = sourcecode.cpp.cpp; path = tromino_4x4_unittest.cpp; sourceTree = "<group>"; };
		75D21CD72A63D0BB00E96F5B /* tromino_2x2_unittest.cpp */ = {isa = PBXFileReference; fileEncoding = 4; lastKnownFileType = sourcecode.cpp.cpp; path = tromino_2x2_unittest.cpp; sourceTree = "<group>"; };
		75D21CD82A63D0BB00E96F5B /* unittest_helper.hpp */ = {isa = PBXFileReference; fileEncoding = 4; lastKnownFileType = sourcecode.cpp.h; path = unittest_helper.hpp; sourceTree = "<group>"; };
		75D21CDE2A63D29A00E96F5B /* main.cpp */ = {isa = PBXFileReference; fileEncoding = 4; lastKnownFileType = sourcecode.cpp.cpp; name = main.cpp; path = ../../test/main.cpp; sourceTree = "<group>"; };
/* End PBXFileReference section */

/* Begin PBXFrameworksBuildPhase section */
		7503E79E26C891260018B1F2 /* Frameworks */ = {
			isa = PBXFrameworksBuildPhase;
			buildActionMask = 2147483647;
			files = (
				758EF494284E53120069A198 /* libtromino.a in Frameworks */,
				758EF496284E53120069A198 /* libtromino-validation.a in Frameworks */,
			);
			runOnlyForDeploymentPostprocessing = 0;
		};
/* End PBXFrameworksBuildPhase section */

/* Begin PBXGroup section */
		7503E79826C891260018B1F2 = {
			isa = PBXGroup;
			children = (
				75D21CDE2A63D29A00E96F5B /* main.cpp */,
				75D21CD22A63D0BB00E96F5B /* core */,
				75D21CCF2A63D0A100E96F5B /* validation */,
				755F9D212811CA4B004C54E0 /* Config.xcconfig */,
				7503E7D526C895610018B1F2 /* Frameworks */,
				7503E7A226C891260018B1F2 /* Products */,
			);
			sourceTree = "<group>";
		};
		7503E7A226C891260018B1F2 /* Products */ = {
			isa = PBXGroup;
			children = (
				7503E7A126C891260018B1F2 /* UnitTests */,
			);
			name = Products;
			sourceTree = "<group>";
		};
		7503E7D526C895610018B1F2 /* Frameworks */ = {
			isa = PBXGroup;
			children = (
				758EF493284E53120069A198 /* libtromino.a */,
				758EF495284E53120069A198 /* libtromino-validation.a */,
			);
			name = Frameworks;
			sourceTree = "<group>";
		};
		75D21CCF2A63D0A100E96F5B /* validation */ = {
			isa = PBXGroup;
			children = (
				75D21CD02A63D0A100E96F5B /* validation_unittest.cpp */,
			);
			name = validation;
			path = ../../test/validation;
			sourceTree = "<group>";
		};
		75D21CD22A63D0BB00E96F5B /* core */ = {
			isa = PBXGroup;
			children = (
				75D21CD72A63D0BB00E96F5B /* tromino_2x2_unittest.cpp */,
				75D21CD62A63D0BB00E96F5B /* tromino_4x4_unittest.cpp */,
				75D21CD42A63D0BB00E96F5B /* tromino_64x64_unittest.cpp */,
				756358512A9BCC0F001775E2 /* tromino_stop_flag.cpp */,
				75D21CD32A63D0BB00E96F5B /* unittest_helper.cpp */,
				75D21CD82A63D0BB00E96F5B /* unittest_helper.hpp */,
			);
			name = core;
			path = ../../test/core;
			sourceTree = "<group>";
		};
/* End PBXGroup section */

/* Begin PBXNativeTarget section */
		7503E7A026C891260018B1F2 /* UnitTests */ = {
			isa = PBXNativeTarget;
			buildConfigurationList = 7503E7A826C891260018B1F2 /* Build configuration list for PBXNativeTarget "UnitTests" */;
			buildPhases = (
				7503E79D26C891260018B1F2 /* Sources */,
				7503E79E26C891260018B1F2 /* Frameworks */,
			);
			buildRules = (
			);
			dependencies = (
			);
			name = UnitTests;
			productName = UnitTests;
			productReference = 7503E7A126C891260018B1F2 /* UnitTests */;
			productType = "com.apple.product-type.tool";
		};
/* End PBXNativeTarget section */

/* Begin PBXProject section */
		7503E79926C891260018B1F2 /* Project object */ = {
			isa = PBXProject;
			attributes = {
				BuildIndependentTargetsInParallel = YES;
				LastUpgradeCheck = 1500;
				TargetAttributes = {
					7503E7A026C891260018B1F2 = {
						CreatedOnToolsVersion = 12.5.1;
					};
				};
			};
			buildConfigurationList = 7503E79C26C891260018B1F2 /* Build configuration list for PBXProject "UnitTests" */;
			compatibilityVersion = "Xcode 14.0";
			developmentRegion = en;
			hasScannedForEncodings = 0;
			knownRegions = (
				en,
				Base,
			);
			mainGroup = 7503E79826C891260018B1F2;
			productRefGroup = 7503E7A226C891260018B1F2 /* Products */;
			projectDirPath = "";
			projectRoot = "";
			targets = (
				7503E7A026C891260018B1F2 /* UnitTests */,
			);
		};
/* End PBXProject section */

/* Begin PBXSourcesBuildPhase section */
		7503E79D26C891260018B1F2 /* Sources */ = {
			isa = PBXSourcesBuildPhase;
			buildActionMask = 2147483647;
			files = (
				75D21CD12A63D0A100E96F5B /* validation_unittest.cpp in Sources */,
				75D21CD92A63D0BB00E96F5B /* unittest_helper.cpp in Sources */,
				75D21CDA2A63D0BB00E96F5B /* tromino_64x64_unittest.cpp in Sources */,
				75D21CDF2A63D29A00E96F5B /* main.cpp in Sources */,
				75D21CDD2A63D0BB00E96F5B /* tromino_2x2_unittest.cpp in Sources */,
				756358522A9BCC0F001775E2 /* tromino_stop_flag.cpp in Sources */,
				75D21CDC2A63D0BB00E96F5B /* tromino_4x4_unittest.cpp in Sources */,
			);
			runOnlyForDeploymentPostprocessing = 0;
		};
/* End PBXSourcesBuildPhase section */

/* Begin XCBuildConfiguration section */
		7503E7A626C891260018B1F2 /* Debug */ = {
			isa = XCBuildConfiguration;
			baseConfigurationReference = 755F9D212811CA4B004C54E0 /* Config.xcconfig */;
			buildSettings = {
				ALWAYS_SEARCH_USER_PATHS = NO;
				CLANG_ANALYZER_NONNULL = YES;
				CLANG_ANALYZER_NUMBER_OBJECT_CONVERSION = YES_AGGRESSIVE;
				CLANG_CXX_LANGUAGE_STANDARD = "c++20";
				CLANG_ENABLE_MODULES = YES;
				CLANG_ENABLE_OBJC_ARC = YES;
				CLANG_ENABLE_OBJC_WEAK = YES;
				CLANG_WARN_BLOCK_CAPTURE_AUTORELEASING = YES;
				CLANG_WARN_BOOL_CONVERSION = YES;
				CLANG_WARN_COMMA = YES;
				CLANG_WARN_CONSTANT_CONVERSION = YES;
				CLANG_WARN_DEPRECATED_OBJC_IMPLEMENTATIONS = YES;
				CLANG_WARN_DIRECT_OBJC_ISA_USAGE = YES_ERROR;
				CLANG_WARN_DOCUMENTATION_COMMENTS = YES;
				CLANG_WARN_EMPTY_BODY = YES;
				CLANG_WARN_ENUM_CONVERSION = YES;
				CLANG_WARN_INFINITE_RECURSION = YES;
				CLANG_WARN_INT_CONVERSION = YES;
				CLANG_WARN_NON_LITERAL_NULL_CONVERSION = YES;
				CLANG_WARN_OBJC_IMPLICIT_RETAIN_SELF = YES;
				CLANG_WARN_OBJC_LITERAL_CONVERSION = YES;
				CLANG_WARN_OBJC_ROOT_CLASS = YES_ERROR;
				CLANG_WARN_QUOTED_INCLUDE_IN_FRAMEWORK_HEADER = YES;
				CLANG_WARN_RANGE_LOOP_ANALYSIS = YES;
				CLANG_WARN_STRICT_PROTOTYPES = YES;
				CLANG_WARN_SUSPICIOUS_MOVE = YES;
				CLANG_WARN_UNGUARDED_AVAILABILITY = YES_AGGRESSIVE;
				CLANG_WARN_UNREACHABLE_CODE = YES;
				CLANG_WARN__DUPLICATE_METHOD_MATCH = YES;
				COPY_PHASE_STRIP = NO;
				DEAD_CODE_STRIPPING = YES;
				DEBUG_INFORMATION_FORMAT = dwarf;
				ENABLE_STRICT_OBJC_MSGSEND = YES;
				ENABLE_TESTABILITY = YES;
				GCC_C_LANGUAGE_STANDARD = c99;
				GCC_DYNAMIC_NO_PIC = NO;
				GCC_ENABLE_CPP_EXCEPTIONS = NO;
				GCC_ENABLE_CPP_RTTI = NO;
				GCC_NO_COMMON_BLOCKS = YES;
				GCC_OPTIMIZATION_LEVEL = 0;
				GCC_PREPROCESSOR_DEFINITIONS = (
					"DEBUG=1",
					"$(inherited)",
				);
				GCC_TREAT_WARNINGS_AS_ERRORS = YES;
				GCC_WARN_64_TO_32_BIT_CONVERSION = YES;
				GCC_WARN_ABOUT_RETURN_TYPE = YES_ERROR;
				GCC_WARN_PEDANTIC = YES;
				GCC_WARN_UNDECLARED_SELECTOR = YES;
				GCC_WARN_UNINITIALIZED_AUTOS = YES_AGGRESSIVE;
				GCC_WARN_UNUSED_FUNCTION = YES;
				GCC_WARN_UNUSED_VARIABLE = YES;
				HEADER_SEARCH_PATHS = ../../include;
				INFOPLIST_KEY_NSHumanReadableCopyright = "Copyright © 2021-2023 Omar Boukli-Hacene. All rights reserved.";
				MACOSX_DEPLOYMENT_TARGET = "$(RECOMMENDED_MACOSX_DEPLOYMENT_TARGET)";
				MTL_ENABLE_DEBUG_INFO = INCLUDE_SOURCE;
				MTL_FAST_MATH = YES;
				ONLY_ACTIVE_ARCH = YES;
				SDKROOT = macosx;
				SYSTEM_HEADER_SEARCH_PATHS = "../../vcpkg/installed/x64-osx/include";
			};
			name = Debug;
		};
		7503E7A726C891260018B1F2 /* Release */ = {
			isa = XCBuildConfiguration;
			baseConfigurationReference = 755F9D212811CA4B004C54E0 /* Config.xcconfig */;
			buildSettings = {
				ALWAYS_SEARCH_USER_PATHS = NO;
				CLANG_ANALYZER_NONNULL = YES;
				CLANG_ANALYZER_NUMBER_OBJECT_CONVERSION = YES_AGGRESSIVE;
				CLANG_CXX_LANGUAGE_STANDARD = "c++20";
				CLANG_ENABLE_MODULES = YES;
				CLANG_ENABLE_OBJC_ARC = YES;
				CLANG_ENABLE_OBJC_WEAK = YES;
				CLANG_WARN_BLOCK_CAPTURE_AUTORELEASING = YES;
				CLANG_WARN_BOOL_CONVERSION = YES;
				CLANG_WARN_COMMA = YES;
				CLANG_WARN_CONSTANT_CONVERSION = YES;
				CLANG_WARN_DEPRECATED_OBJC_IMPLEMENTATIONS = YES;
				CLANG_WARN_DIRECT_OBJC_ISA_USAGE = YES_ERROR;
				CLANG_WARN_DOCUMENTATION_COMMENTS = YES;
				CLANG_WARN_EMPTY_BODY = YES;
				CLANG_WARN_ENUM_CONVERSION = YES;
				CLANG_WARN_INFINITE_RECURSION = YES;
				CLANG_WARN_INT_CONVERSION = YES;
				CLANG_WARN_NON_LITERAL_NULL_CONVERSION = YES;
				CLANG_WARN_OBJC_IMPLICIT_RETAIN_SELF = YES;
				CLANG_WARN_OBJC_LITERAL_CONVERSION = YES;
				CLANG_WARN_OBJC_ROOT_CLASS = YES_ERROR;
				CLANG_WARN_QUOTED_INCLUDE_IN_FRAMEWORK_HEADER = YES;
				CLANG_WARN_RANGE_LOOP_ANALYSIS = YES;
				CLANG_WARN_STRICT_PROTOTYPES = YES;
				CLANG_WARN_SUSPICIOUS_MOVE = YES;
				CLANG_WARN_UNGUARDED_AVAILABILITY = YES_AGGRESSIVE;
				CLANG_WARN_UNREACHABLE_CODE = YES;
				CLANG_WARN__DUPLICATE_METHOD_MATCH = YES;
				COPY_PHASE_STRIP = NO;
				DEAD_CODE_STRIPPING = YES;
				DEBUG_INFORMATION_FORMAT = "dwarf-with-dsym";
				ENABLE_NS_ASSERTIONS = NO;
				ENABLE_STRICT_OBJC_MSGSEND = YES;
				GCC_C_LANGUAGE_STANDARD = c99;
				GCC_ENABLE_CPP_EXCEPTIONS = NO;
				GCC_ENABLE_CPP_RTTI = NO;
				GCC_NO_COMMON_BLOCKS = YES;
				GCC_PREPROCESSOR_DEFINITIONS = NDEBUG;
				GCC_TREAT_WARNINGS_AS_ERRORS = YES;
				GCC_WARN_64_TO_32_BIT_CONVERSION = YES;
				GCC_WARN_ABOUT_RETURN_TYPE = YES_ERROR;
				GCC_WARN_PEDANTIC = YES;
				GCC_WARN_UNDECLARED_SELECTOR = YES;
				GCC_WARN_UNINITIALIZED_AUTOS = YES_AGGRESSIVE;
				GCC_WARN_UNUSED_FUNCTION = YES;
				GCC_WARN_UNUSED_VARIABLE = YES;
				HEADER_SEARCH_PATHS = ../../include;
				INFOPLIST_KEY_NSHumanReadableCopyright = "Copyright © 2021-2023 Omar Boukli-Hacene. All rights reserved.";
				MACOSX_DEPLOYMENT_TARGET = "$(RECOMMENDED_MACOSX_DEPLOYMENT_TARGET)";
				MTL_ENABLE_DEBUG_INFO = NO;
				MTL_FAST_MATH = YES;
				SDKROOT = macosx;
				SYSTEM_HEADER_SEARCH_PATHS = "../../vcpkg/installed/x64-osx/include";
			};
			name = Release;
		};
		7503E7A926C891260018B1F2 /* Debug */ = {
			isa = XCBuildConfiguration;
			buildSettings = {
				CODE_SIGN_IDENTITY = "-";
				CODE_SIGN_STYLE = Automatic;
				DEAD_CODE_STRIPPING = YES;
				MACOSX_DEPLOYMENT_TARGET = "$(RECOMMENDED_MACOSX_DEPLOYMENT_TARGET)";
				PRODUCT_NAME = "$(TARGET_NAME)";
			};
			name = Debug;
		};
		7503E7AA26C891260018B1F2 /* Release */ = {
			isa = XCBuildConfiguration;
			buildSettings = {
				CODE_SIGN_IDENTITY = "-";
				CODE_SIGN_STYLE = Automatic;
				DEAD_CODE_STRIPPING = YES;
				MACOSX_DEPLOYMENT_TARGET = "$(RECOMMENDED_MACOSX_DEPLOYMENT_TARGET)";
				PRODUCT_NAME = "$(TARGET_NAME)";
			};
			name = Release;
		};
/* End XCBuildConfiguration section */

/* Begin XCConfigurationList section */
		7503E79C26C891260018B1F2 /* Build configuration list for PBXProject "UnitTests" */ = {
			isa = XCConfigurationList;
			buildConfigurations = (
				7503E7A626C891260018B1F2 /* Debug */,
				7503E7A726C891260018B1F2 /* Release */,
			);
			defaultConfigurationIsVisible = 0;
			defaultConfigurationName = Release;
		};
		7503E7A826C891260018B1F2 /* Build configuration list for PBXNativeTarget "UnitTests" */ = {
			isa = XCConfigurationList;
			buildConfigurations = (
				7503E7A926C891260018B1F2 /* Debug */,
				7503E7AA26C891260018B1F2 /* Release */,
			);
			defaultConfigurationIsVisible = 0;
			defaultConfigurationName = Release;
		};
/* End XCConfigurationList section */
	};
	rootObject = 7503E79926C891260018B1F2 /* Project object */;
}
