// !$*UTF8*$!
{
	archiveVersion = 1;
	classes = {
	};
	objectVersion = 56;
	objects = {

/* Begin PBXBuildFile section */
		75002AC727A684E900CBB593 /* cli_options.cpp in Sources */ = {isa = PBXBuildFile; fileRef = 75002AC427A684E900CBB593 /* cli_options.cpp */; };
		752A62C8276FE49F0076CB0C /* init.cpp in Sources */ = {isa = PBXBuildFile; fileRef = 752A62C4276FE49F0076CB0C /* init.cpp */; };
		7530DEC6280212E800812ABF /* libSDL2-2.0.dylib in Frameworks */ = {isa = PBXBuildFile; fileRef = 7530DEC5280212E800812ABF /* libSDL2-2.0.dylib */; };
		7530DEC72802131100812ABF /* libSDL2-2.0.dylib in CopyFiles */ = {isa = PBXBuildFile; fileRef = 7530DEC5280212E800812ABF /* libSDL2-2.0.dylib */; settings = {ATTRIBUTES = (CodeSignOnCopy, ); }; };
		758EF492284E51C00069A198 /* libtromino2d.a in Frameworks */ = {isa = PBXBuildFile; fileRef = 758EF491284E51C00069A198 /* libtromino2d.a */; };
		758EF498284E535C0069A198 /* libtromino.a in Frameworks */ = {isa = PBXBuildFile; fileRef = 758EF497284E535C0069A198 /* libtromino.a */; };
		758EF49A284E535C0069A198 /* libtromino-validation.a in Frameworks */ = {isa = PBXBuildFile; fileRef = 758EF499284E535C0069A198 /* libtromino-validation.a */; };
		759EB4182A3267F0000A1BAC /* callback.cpp in Sources */ = {isa = PBXBuildFile; fileRef = 759EB4172A3267F0000A1BAC /* callback.cpp */; };
		75ACD98B26DAF724003E33CA /* main.cpp in Sources */ = {isa = PBXBuildFile; fileRef = 75ACD98A26DAF724003E33CA /* main.cpp */; };
/* End PBXBuildFile section */

/* Begin PBXCopyFilesBuildPhase section */
		7503E7C226C892630018B1F2 /* CopyFiles */ = {
			isa = PBXCopyFilesBuildPhase;
			buildActionMask = 12;
			dstPath = "";
			dstSubfolderSpec = 16;
			files = (
				7530DEC72802131100812ABF /* libSDL2-2.0.dylib in CopyFiles */,
			);
			runOnlyForDeploymentPostprocessing = 0;
		};
/* End PBXCopyFilesBuildPhase section */

/* Begin PBXFileReference section */
		75002AC327A684E800CBB593 /* cli_models.hpp */ = {isa = PBXFileReference; fileEncoding = 4; lastKnownFileType = sourcecode.c.hpp; path = cli_models.hpp; sourceTree = "<group>"; };
		75002AC427A684E900CBB593 /* cli_options.cpp */ = {isa = PBXFileReference; fileEncoding = 4; lastKnownFileType = sourcecode.cpp.cpp; path = cli_options.cpp; sourceTree = "<group>"; };
		75002AC627A684E900CBB593 /* cli_options.hpp */ = {isa = PBXFileReference; fileEncoding = 4; lastKnownFileType = sourcecode.c.hpp; path = cli_options.hpp; sourceTree = "<group>"; };
		7503E7C426C892630018B1F2 /* tromino2d */ = {isa = PBXFileReference; explicitFileType = "compiled.mach-o.executable"; includeInIndex = 0; path = tromino2d; sourceTree = BUILT_PRODUCTS_DIR; };
		752A62C4276FE49F0076CB0C /* init.cpp */ = {isa = PBXFileReference; fileEncoding = 4; lastKnownFileType = sourcecode.cpp.cpp; path = init.cpp; sourceTree = "<group>"; };
		752A62C6276FE49F0076CB0C /* init.hpp */ = {isa = PBXFileReference; fileEncoding = 4; lastKnownFileType = sourcecode.c.hpp; path = init.hpp; sourceTree = "<group>"; };
		7530DEC5280212E800812ABF /* libSDL2-2.0.dylib */ = {isa = PBXFileReference; lastKnownFileType = "compiled.mach-o.dylib"; name = "libSDL2-2.0.dylib"; path = "$(BUILD_DIR)/libSDL2/libSDL2-2.0.dylib"; sourceTree = "<group>"; };
		755F9D242811CB67004C54E0 /* Config.xcconfig */ = {isa = PBXFileReference; lastKnownFileType = text.xcconfig; path = Config.xcconfig; sourceTree = "<group>"; };
		758EF491284E51C00069A198 /* libtromino2d.a */ = {isa = PBXFileReference; explicitFileType = archive.ar; path = libtromino2d.a; sourceTree = BUILT_PRODUCTS_DIR; };
		758EF497284E535C0069A198 /* libtromino.a */ = {isa = PBXFileReference; explicitFileType = archive.ar; path = libtromino.a; sourceTree = BUILT_PRODUCTS_DIR; };
		758EF499284E535C0069A198 /* libtromino-validation.a */ = {isa = PBXFileReference; explicitFileType = archive.ar; path = "libtromino-validation.a"; sourceTree = BUILT_PRODUCTS_DIR; };
		759EB4162A3267F0000A1BAC /* callback.hpp */ = {isa = PBXFileReference; fileEncoding = 4; lastKnownFileType = sourcecode.c.hpp; path = callback.hpp; sourceTree = "<group>"; };
		759EB4172A3267F0000A1BAC /* callback.cpp */ = {isa = PBXFileReference; fileEncoding = 4; lastKnownFileType = sourcecode.cpp.cpp; path = callback.cpp; sourceTree = "<group>"; };
		75ACD98A26DAF724003E33CA /* main.cpp */ = {isa = PBXFileReference; fileEncoding = 4; lastKnownFileType = sourcecode.cpp.cpp; path = main.cpp; sourceTree = "<group>"; };
		75E2E8B927FCAC0800B0525E /* params.hpp */ = {isa = PBXFileReference; lastKnownFileType = sourcecode.c.hpp; path = params.hpp; sourceTree = "<group>"; };
/* End PBXFileReference section */

/* Begin PBXFrameworksBuildPhase section */
		7503E7C126C892630018B1F2 /* Frameworks */ = {
			isa = PBXFrameworksBuildPhase;
			buildActionMask = 2147483647;
			files = (
				758EF498284E535C0069A198 /* libtromino.a in Frameworks */,
				758EF49A284E535C0069A198 /* libtromino-validation.a in Frameworks */,
				758EF492284E51C00069A198 /* libtromino2d.a in Frameworks */,
				7530DEC6280212E800812ABF /* libSDL2-2.0.dylib in Frameworks */,
			);
			runOnlyForDeploymentPostprocessing = 0;
		};
/* End PBXFrameworksBuildPhase section */

/* Begin PBXGroup section */
		7503E7BB26C892630018B1F2 = {
			isa = PBXGroup;
			children = (
				755F9D242811CB67004C54E0 /* Config.xcconfig */,
				7503E7E026C897D60018B1F2 /* Frameworks */,
				75ACD98926DAF724003E33CA /* gui */,
				7503E7C526C892630018B1F2 /* Products */,
			);
			sourceTree = "<group>";
		};
		7503E7C526C892630018B1F2 /* Products */ = {
			isa = PBXGroup;
			children = (
				7503E7C426C892630018B1F2 /* tromino2d */,
			);
			name = Products;
			sourceTree = "<group>";
		};
		7503E7E026C897D60018B1F2 /* Frameworks */ = {
			isa = PBXGroup;
			children = (
				758EF497284E535C0069A198 /* libtromino.a */,
				758EF499284E535C0069A198 /* libtromino-validation.a */,
				758EF491284E51C00069A198 /* libtromino2d.a */,
				7530DEC5280212E800812ABF /* libSDL2-2.0.dylib */,
			);
			name = Frameworks;
			sourceTree = "<group>";
		};
		75ACD98926DAF724003E33CA /* gui */ = {
			isa = PBXGroup;
			children = (
				759EB4172A3267F0000A1BAC /* callback.cpp */,
				759EB4162A3267F0000A1BAC /* callback.hpp */,
				75002AC327A684E800CBB593 /* cli_models.hpp */,
				75002AC427A684E900CBB593 /* cli_options.cpp */,
				75002AC627A684E900CBB593 /* cli_options.hpp */,
				752A62C4276FE49F0076CB0C /* init.cpp */,
				752A62C6276FE49F0076CB0C /* init.hpp */,
				75ACD98A26DAF724003E33CA /* main.cpp */,
				75E2E8B927FCAC0800B0525E /* params.hpp */,
			);
			name = gui;
			path = ../../src/gui;
			sourceTree = "<group>";
		};
/* End PBXGroup section */

/* Begin PBXNativeTarget section */
		7503E7C326C892630018B1F2 /* Tromino2d */ = {
			isa = PBXNativeTarget;
			buildConfigurationList = 7503E7CB26C892630018B1F2 /* Build configuration list for PBXNativeTarget "Tromino2d" */;
			buildPhases = (
				7544A95827DBDA0F00FD9157 /* ShellScript */,
				7503E7C226C892630018B1F2 /* CopyFiles */,
				7503E7C026C892630018B1F2 /* Sources */,
				7503E7C126C892630018B1F2 /* Frameworks */,
			);
			buildRules = (
			);
			dependencies = (
			);
			name = Tromino2d;
			productName = Tromino2d;
			productReference = 7503E7C426C892630018B1F2 /* tromino2d */;
			productType = "com.apple.product-type.tool";
		};
/* End PBXNativeTarget section */

/* Begin PBXProject section */
		7503E7BC26C892630018B1F2 /* Project object */ = {
			isa = PBXProject;
			attributes = {
				BuildIndependentTargetsInParallel = YES;
				LastUpgradeCheck = 1430;
				TargetAttributes = {
					7503E7C326C892630018B1F2 = {
						CreatedOnToolsVersion = 12.5.1;
					};
				};
			};
			buildConfigurationList = 7503E7BF26C892630018B1F2 /* Build configuration list for PBXProject "Tromino2d" */;
			compatibilityVersion = "Xcode 14.0";
			developmentRegion = en;
			hasScannedForEncodings = 0;
			knownRegions = (
				en,
				Base,
			);
			mainGroup = 7503E7BB26C892630018B1F2;
			productRefGroup = 7503E7C526C892630018B1F2 /* Products */;
			projectDirPath = "";
			projectRoot = "";
			targets = (
				7503E7C326C892630018B1F2 /* Tromino2d */,
			);
		};
/* End PBXProject section */

/* Begin PBXShellScriptBuildPhase section */
		7544A95827DBDA0F00FD9157 /* ShellScript */ = {
			isa = PBXShellScriptBuildPhase;
			buildActionMask = 2147483647;
			files = (
			);
			inputFileListPaths = (
			);
			inputPaths = (
			);
			outputFileListPaths = (
			);
			outputPaths = (
				"$(BUILD_DIR)/libSDL2/libSDL2-2.0.dylib",
			);
			runOnlyForDeploymentPostprocessing = 0;
			shellPath = /bin/sh;
			shellScript = "TRMN_LIBSDL2_PATH=$BUILD_DIR/libSDL2/libSDL2-2.0.dylib\nif [[ ! -f $TRMN_LIBSDL2_PATH ]]\nthen\n    mkdir -p $BUILD_DIR/libSDL2\n    lipo -create \\\n    ../../vcpkg/installed/arm64-osx-dynamic/lib/libSDL2-2.0.dylib \\\n    ../../vcpkg/installed/x64-osx-dynamic/lib/libSDL2-2.0.dylib \\\n    -output $TRMN_LIBSDL2_PATH\nfi\n";
		};
/* End PBXShellScriptBuildPhase section */

/* Begin PBXSourcesBuildPhase section */
		7503E7C026C892630018B1F2 /* Sources */ = {
			isa = PBXSourcesBuildPhase;
			buildActionMask = 2147483647;
			files = (
				75ACD98B26DAF724003E33CA /* main.cpp in Sources */,
				752A62C8276FE49F0076CB0C /* init.cpp in Sources */,
				759EB4182A3267F0000A1BAC /* callback.cpp in Sources */,
				75002AC727A684E900CBB593 /* cli_options.cpp in Sources */,
			);
			runOnlyForDeploymentPostprocessing = 0;
		};
/* End PBXSourcesBuildPhase section */

/* Begin XCBuildConfiguration section */
		7503E7C926C892630018B1F2 /* Debug */ = {
			isa = XCBuildConfiguration;
			baseConfigurationReference = 755F9D242811CB67004C54E0 /* Config.xcconfig */;
			buildSettings = {
				ALLOW_TARGET_PLATFORM_SPECIALIZATION = YES;
				ALWAYS_SEARCH_USER_PATHS = NO;
				CLANG_ANALYZER_NONNULL = YES;
				CLANG_ANALYZER_NUMBER_OBJECT_CONVERSION = YES_AGGRESSIVE;
				CLANG_CXX_LANGUAGE_STANDARD = "c++17";
				CLANG_ENABLE_MODULES = YES;
				CLANG_ENABLE_OBJC_ARC = YES;
				CLANG_ENABLE_OBJC_WEAK = YES;
				CLANG_WARN_BLOCK_CAPTURE_AUTORELEASING = YES;
				CLANG_WARN_BOOL_CONVERSION = YES;
				CLANG_WARN_COMMA = YES;
				CLANG_WARN_CONSTANT_CONVERSION = YES;
				CLANG_WARN_DEPRECATED_OBJC_IMPLEMENTATIONS = YES;
				CLANG_WARN_DIRECT_OBJC_ISA_USAGE = YES_ERROR;
				CLANG_WARN_DOCUMENTATION_COMMENTS = YES;
				CLANG_WARN_EMPTY_BODY = YES;
				CLANG_WARN_ENUM_CONVERSION = YES;
				CLANG_WARN_INFINITE_RECURSION = YES;
				CLANG_WARN_INT_CONVERSION = YES;
				CLANG_WARN_NON_LITERAL_NULL_CONVERSION = YES;
				CLANG_WARN_OBJC_IMPLICIT_RETAIN_SELF = YES;
				CLANG_WARN_OBJC_LITERAL_CONVERSION = YES;
				CLANG_WARN_OBJC_ROOT_CLASS = YES_ERROR;
				CLANG_WARN_QUOTED_INCLUDE_IN_FRAMEWORK_HEADER = NO;
				CLANG_WARN_RANGE_LOOP_ANALYSIS = YES;
				CLANG_WARN_STRICT_PROTOTYPES = YES;
				CLANG_WARN_SUSPICIOUS_MOVE = YES;
				CLANG_WARN_UNGUARDED_AVAILABILITY = YES_AGGRESSIVE;
				CLANG_WARN_UNREACHABLE_CODE = YES;
				CLANG_WARN__DUPLICATE_METHOD_MATCH = YES;
				COPY_PHASE_STRIP = NO;
				DEAD_CODE_STRIPPING = YES;
				DEBUG_INFORMATION_FORMAT = dwarf;
				ENABLE_STRICT_OBJC_MSGSEND = YES;
				ENABLE_TESTABILITY = YES;
				GCC_C_LANGUAGE_STANDARD = c17;
				GCC_DYNAMIC_NO_PIC = NO;
				GCC_NO_COMMON_BLOCKS = YES;
				GCC_OPTIMIZATION_LEVEL = 0;
				GCC_PREPROCESSOR_DEFINITIONS = (
					"DEBUG=1",
					"$(inherited)",
				);
				GCC_TREAT_WARNINGS_AS_ERRORS = YES;
				GCC_WARN_64_TO_32_BIT_CONVERSION = YES;
				GCC_WARN_ABOUT_RETURN_TYPE = YES_ERROR;
				GCC_WARN_PEDANTIC = YES;
				GCC_WARN_UNDECLARED_SELECTOR = YES;
				GCC_WARN_UNINITIALIZED_AUTOS = YES_AGGRESSIVE;
				GCC_WARN_UNUSED_FUNCTION = YES;
				GCC_WARN_UNUSED_VARIABLE = YES;
				HEADER_SEARCH_PATHS = (
					../../src/gfx2d,
					../../src/gfx2dfe,
					../../src/libtromino,
					../../src/validation,
				);
				INFOPLIST_KEY_CFBundleDisplayName = "Tromino Puzzle";
				INFOPLIST_KEY_NSHumanReadableCopyright = "Copyright © 2021-2023 Omar Boukli-Hacene. All rights reserved.";
				LD_RUNPATH_SEARCH_PATHS = "";
				LIBRARY_SEARCH_PATHS = (
					"$(inherited)",
					"$(BUILD_DIR)/libSDL2",
				);
				MACOSX_DEPLOYMENT_TARGET = 10.13;
				MTL_ENABLE_DEBUG_INFO = INCLUDE_SOURCE;
				MTL_FAST_MATH = YES;
				ONLY_ACTIVE_ARCH = YES;
				SDKROOT = macosx;
				SUPPORTED_PLATFORMS = macosx;
				SUPPORTS_MACCATALYST = YES;
				SYSTEM_HEADER_SEARCH_PATHS = "../../vcpkg/installed/x64-osx-dynamic/include";
			};
			name = Debug;
		};
		7503E7CA26C892630018B1F2 /* Release */ = {
			isa = XCBuildConfiguration;
			baseConfigurationReference = 755F9D242811CB67004C54E0 /* Config.xcconfig */;
			buildSettings = {
				ALWAYS_SEARCH_USER_PATHS = NO;
				CLANG_ANALYZER_NONNULL = YES;
				CLANG_ANALYZER_NUMBER_OBJECT_CONVERSION = YES_AGGRESSIVE;
				CLANG_CXX_LANGUAGE_STANDARD = "c++17";
				CLANG_ENABLE_MODULES = YES;
				CLANG_ENABLE_OBJC_ARC = YES;
				CLANG_ENABLE_OBJC_WEAK = YES;
				CLANG_WARN_BLOCK_CAPTURE_AUTORELEASING = YES;
				CLANG_WARN_BOOL_CONVERSION = YES;
				CLANG_WARN_COMMA = YES;
				CLANG_WARN_CONSTANT_CONVERSION = YES;
				CLANG_WARN_DEPRECATED_OBJC_IMPLEMENTATIONS = YES;
				CLANG_WARN_DIRECT_OBJC_ISA_USAGE = YES_ERROR;
				CLANG_WARN_DOCUMENTATION_COMMENTS = YES;
				CLANG_WARN_EMPTY_BODY = YES;
				CLANG_WARN_ENUM_CONVERSION = YES;
				CLANG_WARN_INFINITE_RECURSION = YES;
				CLANG_WARN_INT_CONVERSION = YES;
				CLANG_WARN_NON_LITERAL_NULL_CONVERSION = YES;
				CLANG_WARN_OBJC_IMPLICIT_RETAIN_SELF = YES;
				CLANG_WARN_OBJC_LITERAL_CONVERSION = YES;
				CLANG_WARN_OBJC_ROOT_CLASS = YES_ERROR;
				CLANG_WARN_QUOTED_INCLUDE_IN_FRAMEWORK_HEADER = NO;
				CLANG_WARN_RANGE_LOOP_ANALYSIS = YES;
				CLANG_WARN_STRICT_PROTOTYPES = YES;
				CLANG_WARN_SUSPICIOUS_MOVE = YES;
				CLANG_WARN_UNGUARDED_AVAILABILITY = YES_AGGRESSIVE;
				CLANG_WARN_UNREACHABLE_CODE = YES;
				CLANG_WARN__DUPLICATE_METHOD_MATCH = YES;
				COPY_PHASE_STRIP = NO;
				DEAD_CODE_STRIPPING = YES;
				DEBUG_INFORMATION_FORMAT = "dwarf-with-dsym";
				ENABLE_NS_ASSERTIONS = NO;
				ENABLE_STRICT_OBJC_MSGSEND = YES;
				GCC_C_LANGUAGE_STANDARD = c17;
				GCC_NO_COMMON_BLOCKS = YES;
				GCC_PREPROCESSOR_DEFINITIONS = NDEBUG;
				GCC_TREAT_WARNINGS_AS_ERRORS = YES;
				GCC_WARN_64_TO_32_BIT_CONVERSION = YES;
				GCC_WARN_ABOUT_RETURN_TYPE = YES_ERROR;
				GCC_WARN_PEDANTIC = YES;
				GCC_WARN_UNDECLARED_SELECTOR = YES;
				GCC_WARN_UNINITIALIZED_AUTOS = YES_AGGRESSIVE;
				GCC_WARN_UNUSED_FUNCTION = YES;
				GCC_WARN_UNUSED_VARIABLE = YES;
				HEADER_SEARCH_PATHS = (
					../../src/gfx2d,
					../../src/gfx2dfe,
					../../src/libtromino,
					../../src/validation,
				);
				INFOPLIST_KEY_CFBundleDisplayName = "Tromino Puzzle";
				INFOPLIST_KEY_NSHumanReadableCopyright = "Copyright © 2021-2023 Omar Boukli-Hacene. All rights reserved.";
				LIBRARY_SEARCH_PATHS = (
					"$(inherited)",
					"$(BUILD_DIR)/libSDL2",
				);
				MACOSX_DEPLOYMENT_TARGET = 10.13;
				MTL_ENABLE_DEBUG_INFO = NO;
				MTL_FAST_MATH = YES;
				SDKROOT = macosx;
				SYSTEM_HEADER_SEARCH_PATHS = "../../vcpkg/installed/x64-osx-dynamic/include";
			};
			name = Release;
		};
		7503E7CC26C892630018B1F2 /* Debug */ = {
			isa = XCBuildConfiguration;
			buildSettings = {
				CLANG_CXX_LANGUAGE_STANDARD = "c++17";
				CODE_SIGN_IDENTITY = "-";
				CODE_SIGN_STYLE = Automatic;
				DEAD_CODE_STRIPPING = YES;
				EXECUTABLE_NAME = tromino2d;
				GCC_C_LANGUAGE_STANDARD = c17;
				GCC_ENABLE_CPP_EXCEPTIONS = NO;
				GCC_ENABLE_CPP_RTTI = NO;
				INFOPLIST_KEY_NSHumanReadableCopyright = "Copyright © 2021-2023 Omar Boukli-Hacene. All rights reserved.";
				MACOSX_DEPLOYMENT_TARGET = "$(RECOMMENDED_MACOSX_DEPLOYMENT_TARGET)";
				PRODUCT_NAME = "$(TARGET_NAME)";
			};
			name = Debug;
		};
		7503E7CD26C892630018B1F2 /* Release */ = {
			isa = XCBuildConfiguration;
			buildSettings = {
				CLANG_CXX_LANGUAGE_STANDARD = "c++17";
				CODE_SIGN_IDENTITY = "-";
				CODE_SIGN_STYLE = Automatic;
				DEAD_CODE_STRIPPING = YES;
				EXECUTABLE_NAME = tromino2d;
				GCC_C_LANGUAGE_STANDARD = c11;
				GCC_ENABLE_CPP_EXCEPTIONS = NO;
				GCC_ENABLE_CPP_RTTI = NO;
				INFOPLIST_KEY_NSHumanReadableCopyright = "Copyright © 2021-2023 Omar Boukli-Hacene. All rights reserved.";
				MACOSX_DEPLOYMENT_TARGET = "$(RECOMMENDED_MACOSX_DEPLOYMENT_TARGET)";
				PRODUCT_NAME = "$(TARGET_NAME)";
			};
			name = Release;
		};
/* End XCBuildConfiguration section */

/* Begin XCConfigurationList section */
		7503E7BF26C892630018B1F2 /* Build configuration list for PBXProject "Tromino2d" */ = {
			isa = XCConfigurationList;
			buildConfigurations = (
				7503E7C926C892630018B1F2 /* Debug */,
				7503E7CA26C892630018B1F2 /* Release */,
			);
			defaultConfigurationIsVisible = 0;
			defaultConfigurationName = Release;
		};
		7503E7CB26C892630018B1F2 /* Build configuration list for PBXNativeTarget "Tromino2d" */ = {
			isa = XCConfigurationList;
			buildConfigurations = (
				7503E7CC26C892630018B1F2 /* Debug */,
				7503E7CD26C892630018B1F2 /* Release */,
			);
			defaultConfigurationIsVisible = 0;
			defaultConfigurationName = Release;
		};
/* End XCConfigurationList section */
	};
	rootObject = 7503E7BC26C892630018B1F2 /* Project object */;
}
