// !$*UTF8*$!
{
	archiveVersion = 1;
	classes = {
	};
	objectVersion = 55;
	objects = {

/* Begin PBXBuildFile section */
		7503E7E226C897D60018B1F2 /* libLibTromino2d.a in Frameworks */ = {isa = PBXBuildFile; fileRef = 7503E7E126C897D60018B1F2 /* libLibTromino2d.a */; };
		7503E7E926C8F5EA0018B1F2 /* SDL2.framework in Frameworks */ = {isa = PBXBuildFile; fileRef = 7503E7E826C8F5EA0018B1F2 /* SDL2.framework */; };
		7503E7EE26CB1A4A0018B1F2 /* libLibTromino.a in Frameworks */ = {isa = PBXBuildFile; fileRef = 7503E7ED26CB1A4A0018B1F2 /* libLibTromino.a */; };
		75ACD98B26DAF724003E33CA /* main.cpp in Sources */ = {isa = PBXBuildFile; fileRef = 75ACD98A26DAF724003E33CA /* main.cpp */; };
		75ACD98F26DAF807003E33CA /* init.cpp in Sources */ = {isa = PBXBuildFile; fileRef = 75ACD98D26DAF807003E33CA /* init.cpp */; };
/* End PBXBuildFile section */

/* Begin PBXCopyFilesBuildPhase section */
		7503E7C226C892630018B1F2 /* CopyFiles */ = {
			isa = PBXCopyFilesBuildPhase;
			buildActionMask = 2147483647;
			dstPath = /usr/share/man/man1/;
			dstSubfolderSpec = 0;
			files = (
			);
			runOnlyForDeploymentPostprocessing = 1;
		};
/* End PBXCopyFilesBuildPhase section */

/* Begin PBXFileReference section */
		7503E7C426C892630018B1F2 /* Tromino2d */ = {isa = PBXFileReference; explicitFileType = "compiled.mach-o.executable"; includeInIndex = 0; path = Tromino2d; sourceTree = BUILT_PRODUCTS_DIR; };
		7503E7E126C897D60018B1F2 /* libLibTromino2d.a */ = {isa = PBXFileReference; explicitFileType = archive.ar; path = libLibTromino2d.a; sourceTree = BUILT_PRODUCTS_DIR; };
		7503E7E826C8F5EA0018B1F2 /* SDL2.framework */ = {isa = PBXFileReference; lastKnownFileType = wrapper.framework; name = SDL2.framework; path = /Library/Frameworks/SDL2.framework; sourceTree = "<group>"; };
		7503E7ED26CB1A4A0018B1F2 /* libLibTromino.a */ = {isa = PBXFileReference; explicitFileType = archive.ar; path = libLibTromino.a; sourceTree = BUILT_PRODUCTS_DIR; };
		75ACD98A26DAF724003E33CA /* main.cpp */ = {isa = PBXFileReference; fileEncoding = 4; lastKnownFileType = sourcecode.cpp.cpp; path = main.cpp; sourceTree = "<group>"; };
		75ACD98D26DAF807003E33CA /* init.cpp */ = {isa = PBXFileReference; fileEncoding = 4; lastKnownFileType = sourcecode.cpp.cpp; path = init.cpp; sourceTree = "<group>"; };
		75ACD98E26DAF807003E33CA /* init.h */ = {isa = PBXFileReference; fileEncoding = 4; lastKnownFileType = sourcecode.c.h; path = init.h; sourceTree = "<group>"; };
/* End PBXFileReference section */

/* Begin PBXFrameworksBuildPhase section */
		7503E7C126C892630018B1F2 /* Frameworks */ = {
			isa = PBXFrameworksBuildPhase;
			buildActionMask = 2147483647;
			files = (
				7503E7EE26CB1A4A0018B1F2 /* libLibTromino.a in Frameworks */,
				7503E7E226C897D60018B1F2 /* libLibTromino2d.a in Frameworks */,
				7503E7E926C8F5EA0018B1F2 /* SDL2.framework in Frameworks */,
			);
			runOnlyForDeploymentPostprocessing = 0;
		};
/* End PBXFrameworksBuildPhase section */

/* Begin PBXGroup section */
		7503E7BB26C892630018B1F2 = {
			isa = PBXGroup;
			children = (
				75ACD98C26DAF807003E33CA /* gfx2dfe */,
				75ACD98926DAF724003E33CA /* gui */,
				7503E7C526C892630018B1F2 /* Products */,
				7503E7E026C897D60018B1F2 /* Frameworks */,
			);
			sourceTree = "<group>";
		};
		7503E7C526C892630018B1F2 /* Products */ = {
			isa = PBXGroup;
			children = (
				7503E7C426C892630018B1F2 /* Tromino2d */,
			);
			name = Products;
			sourceTree = "<group>";
		};
		7503E7E026C897D60018B1F2 /* Frameworks */ = {
			isa = PBXGroup;
			children = (
				7503E7ED26CB1A4A0018B1F2 /* libLibTromino.a */,
				7503E7E826C8F5EA0018B1F2 /* SDL2.framework */,
				7503E7E126C897D60018B1F2 /* libLibTromino2d.a */,
			);
			name = Frameworks;
			sourceTree = "<group>";
		};
		75ACD98926DAF724003E33CA /* gui */ = {
			isa = PBXGroup;
			children = (
				75ACD98A26DAF724003E33CA /* main.cpp */,
			);
			name = gui;
			path = ../../src/gui;
			sourceTree = "<group>";
		};
		75ACD98C26DAF807003E33CA /* gfx2dfe */ = {
			isa = PBXGroup;
			children = (
				75ACD98D26DAF807003E33CA /* init.cpp */,
				75ACD98E26DAF807003E33CA /* init.h */,
			);
			name = gfx2dfe;
			path = ../../src/gfx2dfe;
			sourceTree = "<group>";
		};
/* End PBXGroup section */

/* Begin PBXNativeTarget section */
		7503E7C326C892630018B1F2 /* Tromino2d */ = {
			isa = PBXNativeTarget;
			buildConfigurationList = 7503E7CB26C892630018B1F2 /* Build configuration list for PBXNativeTarget "Tromino2d" */;
			buildPhases = (
				7503E7C026C892630018B1F2 /* Sources */,
				7503E7C126C892630018B1F2 /* Frameworks */,
				7503E7C226C892630018B1F2 /* CopyFiles */,
			);
			buildRules = (
			);
			dependencies = (
			);
			name = Tromino2d;
			productName = Tromino2d;
			productReference = 7503E7C426C892630018B1F2 /* Tromino2d */;
			productType = "com.apple.product-type.tool";
		};
/* End PBXNativeTarget section */

/* Begin PBXProject section */
		7503E7BC26C892630018B1F2 /* Project object */ = {
			isa = PBXProject;
			attributes = {
				LastUpgradeCheck = 1300;
				TargetAttributes = {
					7503E7C326C892630018B1F2 = {
						CreatedOnToolsVersion = 12.5.1;
					};
				};
			};
			buildConfigurationList = 7503E7BF26C892630018B1F2 /* Build configuration list for PBXProject "Tromino2d" */;
			compatibilityVersion = "Xcode 13.0";
			developmentRegion = en;
			hasScannedForEncodings = 0;
			knownRegions = (
				en,
				Base,
			);
			mainGroup = 7503E7BB26C892630018B1F2;
			productRefGroup = 7503E7C526C892630018B1F2 /* Products */;
			projectDirPath = "";
			projectRoot = "";
			targets = (
				7503E7C326C892630018B1F2 /* Tromino2d */,
			);
		};
/* End PBXProject section */

/* Begin PBXSourcesBuildPhase section */
		7503E7C026C892630018B1F2 /* Sources */ = {
			isa = PBXSourcesBuildPhase;
			buildActionMask = 2147483647;
			files = (
				75ACD98B26DAF724003E33CA /* main.cpp in Sources */,
				75ACD98F26DAF807003E33CA /* init.cpp in Sources */,
			);
			runOnlyForDeploymentPostprocessing = 0;
		};
/* End PBXSourcesBuildPhase section */

/* Begin XCBuildConfiguration section */
		7503E7C926C892630018B1F2 /* Debug */ = {
			isa = XCBuildConfiguration;
			buildSettings = {
				ALWAYS_SEARCH_USER_PATHS = NO;
				CLANG_ANALYZER_NONNULL = YES;
				CLANG_ANALYZER_NUMBER_OBJECT_CONVERSION = YES_AGGRESSIVE;
				CLANG_CXX_LANGUAGE_STANDARD = "c++17";
				CLANG_CXX_LIBRARY = "libc++";
				CLANG_ENABLE_MODULES = YES;
				CLANG_ENABLE_OBJC_ARC = YES;
				CLANG_ENABLE_OBJC_WEAK = YES;
				CLANG_WARN_BLOCK_CAPTURE_AUTORELEASING = YES;
				CLANG_WARN_BOOL_CONVERSION = YES;
				CLANG_WARN_COMMA = YES;
				CLANG_WARN_CONSTANT_CONVERSION = YES;
				CLANG_WARN_DEPRECATED_OBJC_IMPLEMENTATIONS = YES;
				CLANG_WARN_DIRECT_OBJC_ISA_USAGE = YES_ERROR;
				CLANG_WARN_DOCUMENTATION_COMMENTS = YES;
				CLANG_WARN_EMPTY_BODY = YES;
				CLANG_WARN_ENUM_CONVERSION = YES;
				CLANG_WARN_INFINITE_RECURSION = YES;
				CLANG_WARN_INT_CONVERSION = YES;
				CLANG_WARN_NON_LITERAL_NULL_CONVERSION = YES;
				CLANG_WARN_OBJC_IMPLICIT_RETAIN_SELF = YES;
				CLANG_WARN_OBJC_LITERAL_CONVERSION = YES;
				CLANG_WARN_OBJC_ROOT_CLASS = YES_ERROR;
				CLANG_WARN_QUOTED_INCLUDE_IN_FRAMEWORK_HEADER = NO;
				CLANG_WARN_RANGE_LOOP_ANALYSIS = YES;
				CLANG_WARN_STRICT_PROTOTYPES = YES;
				CLANG_WARN_SUSPICIOUS_MOVE = YES;
				CLANG_WARN_UNGUARDED_AVAILABILITY = YES_AGGRESSIVE;
				CLANG_WARN_UNREACHABLE_CODE = YES;
				CLANG_WARN__DUPLICATE_METHOD_MATCH = YES;
				COPY_PHASE_STRIP = NO;
				DEBUG_INFORMATION_FORMAT = dwarf;
				ENABLE_STRICT_OBJC_MSGSEND = YES;
				ENABLE_TESTABILITY = YES;
				FRAMEWORK_SEARCH_PATHS = "$(LOCAL_LIBRARY_DIR)/Frameworks";
				GCC_C_LANGUAGE_STANDARD = c17;
				GCC_DYNAMIC_NO_PIC = NO;
				GCC_NO_COMMON_BLOCKS = YES;
				GCC_OPTIMIZATION_LEVEL = 0;
				GCC_PREPROCESSOR_DEFINITIONS = (
					"DEBUG=1",
					"$(inherited)",
				);
				GCC_WARN_64_TO_32_BIT_CONVERSION = YES;
				GCC_WARN_ABOUT_RETURN_TYPE = YES_ERROR;
				GCC_WARN_UNDECLARED_SELECTOR = YES;
				GCC_WARN_UNINITIALIZED_AUTOS = YES_AGGRESSIVE;
				GCC_WARN_UNUSED_FUNCTION = YES;
				GCC_WARN_UNUSED_VARIABLE = YES;
				HEADER_SEARCH_PATHS = (
					"$(LOCAL_LIBRARY_DIR)/Frameworks/SDL2.framework/Headers",
					../../src/gfx2d,
					../../src/gfx2dfe,
					../../src/lib,
				);
				INFOPLIST_KEY_CFBundleDisplayName = "Tromino Puzzle";
				INFOPLIST_KEY_NSHumanReadableCopyright = "Copyright © 2021 Omar Boukli-Hacene";
				MACOSX_DEPLOYMENT_TARGET = 11.1;
				MTL_ENABLE_DEBUG_INFO = INCLUDE_SOURCE;
				MTL_FAST_MATH = YES;
				ONLY_ACTIVE_ARCH = YES;
				SDKROOT = macosx;
			};
			name = Debug;
		};
		7503E7CA26C892630018B1F2 /* Release */ = {
			isa = XCBuildConfiguration;
			buildSettings = {
				ALWAYS_SEARCH_USER_PATHS = NO;
				CLANG_ANALYZER_NONNULL = YES;
				CLANG_ANALYZER_NUMBER_OBJECT_CONVERSION = YES_AGGRESSIVE;
				CLANG_CXX_LANGUAGE_STANDARD = "c++17";
				CLANG_CXX_LIBRARY = "libc++";
				CLANG_ENABLE_MODULES = YES;
				CLANG_ENABLE_OBJC_ARC = YES;
				CLANG_ENABLE_OBJC_WEAK = YES;
				CLANG_WARN_BLOCK_CAPTURE_AUTORELEASING = YES;
				CLANG_WARN_BOOL_CONVERSION = YES;
				CLANG_WARN_COMMA = YES;
				CLANG_WARN_CONSTANT_CONVERSION = YES;
				CLANG_WARN_DEPRECATED_OBJC_IMPLEMENTATIONS = YES;
				CLANG_WARN_DIRECT_OBJC_ISA_USAGE = YES_ERROR;
				CLANG_WARN_DOCUMENTATION_COMMENTS = YES;
				CLANG_WARN_EMPTY_BODY = YES;
				CLANG_WARN_ENUM_CONVERSION = YES;
				CLANG_WARN_INFINITE_RECURSION = YES;
				CLANG_WARN_INT_CONVERSION = YES;
				CLANG_WARN_NON_LITERAL_NULL_CONVERSION = YES;
				CLANG_WARN_OBJC_IMPLICIT_RETAIN_SELF = YES;
				CLANG_WARN_OBJC_LITERAL_CONVERSION = YES;
				CLANG_WARN_OBJC_ROOT_CLASS = YES_ERROR;
				CLANG_WARN_QUOTED_INCLUDE_IN_FRAMEWORK_HEADER = NO;
				CLANG_WARN_RANGE_LOOP_ANALYSIS = YES;
				CLANG_WARN_STRICT_PROTOTYPES = YES;
				CLANG_WARN_SUSPICIOUS_MOVE = YES;
				CLANG_WARN_UNGUARDED_AVAILABILITY = YES_AGGRESSIVE;
				CLANG_WARN_UNREACHABLE_CODE = YES;
				CLANG_WARN__DUPLICATE_METHOD_MATCH = YES;
				COPY_PHASE_STRIP = NO;
				DEBUG_INFORMATION_FORMAT = "dwarf-with-dsym";
				ENABLE_NS_ASSERTIONS = NO;
				ENABLE_STRICT_OBJC_MSGSEND = YES;
				FRAMEWORK_SEARCH_PATHS = "$(LOCAL_LIBRARY_DIR)/Frameworks";
				GCC_C_LANGUAGE_STANDARD = c17;
				GCC_NO_COMMON_BLOCKS = YES;
				GCC_WARN_64_TO_32_BIT_CONVERSION = YES;
				GCC_WARN_ABOUT_RETURN_TYPE = YES_ERROR;
				GCC_WARN_UNDECLARED_SELECTOR = YES;
				GCC_WARN_UNINITIALIZED_AUTOS = YES_AGGRESSIVE;
				GCC_WARN_UNUSED_FUNCTION = YES;
				GCC_WARN_UNUSED_VARIABLE = YES;
				HEADER_SEARCH_PATHS = (
					"$(LOCAL_LIBRARY_DIR)/Frameworks/SDL2.framework/Headers",
					../../src/gfx2d,
					../../src/gfx2dfe,
					../../src/lib,
				);
				INFOPLIST_KEY_CFBundleDisplayName = "Tromino Puzzle";
				INFOPLIST_KEY_NSHumanReadableCopyright = "Copyright © 2021 Omar Boukli-Hacene";
				MACOSX_DEPLOYMENT_TARGET = 11.1;
				MTL_ENABLE_DEBUG_INFO = NO;
				MTL_FAST_MATH = YES;
				SDKROOT = macosx;
			};
			name = Release;
		};
		7503E7CC26C892630018B1F2 /* Debug */ = {
			isa = XCBuildConfiguration;
			buildSettings = {
				CLANG_CXX_LANGUAGE_STANDARD = "c++17";
				CODE_SIGN_STYLE = Automatic;
				GCC_C_LANGUAGE_STANDARD = c17;
				PRODUCT_NAME = "$(TARGET_NAME)";
			};
			name = Debug;
		};
		7503E7CD26C892630018B1F2 /* Release */ = {
			isa = XCBuildConfiguration;
			buildSettings = {
				CLANG_CXX_LANGUAGE_STANDARD = "c++17";
				CODE_SIGN_STYLE = Automatic;
				GCC_C_LANGUAGE_STANDARD = c11;
				PRODUCT_NAME = "$(TARGET_NAME)";
			};
			name = Release;
		};
/* End XCBuildConfiguration section */

/* Begin XCConfigurationList section */
		7503E7BF26C892630018B1F2 /* Build configuration list for PBXProject "Tromino2d" */ = {
			isa = XCConfigurationList;
			buildConfigurations = (
				7503E7C926C892630018B1F2 /* Debug */,
				7503E7CA26C892630018B1F2 /* Release */,
			);
			defaultConfigurationIsVisible = 0;
			defaultConfigurationName = Release;
		};
		7503E7CB26C892630018B1F2 /* Build configuration list for PBXNativeTarget "Tromino2d" */ = {
			isa = XCConfigurationList;
			buildConfigurations = (
				7503E7CC26C892630018B1F2 /* Debug */,
				7503E7CD26C892630018B1F2 /* Release */,
			);
			defaultConfigurationIsVisible = 0;
			defaultConfigurationName = Release;
		};
/* End XCConfigurationList section */
	};
	rootObject = 7503E7BC26C892630018B1F2 /* Project object */;
}
