// !$*UTF8*$!
{
	archiveVersion = 1;
	classes = {
	};
	objectVersion = 56;
	objects = {

/* Begin PBXBuildFile section */
		75002AB927A5EB8C00CBB593 /* cli_options.cpp in Sources */ = {isa = PBXBuildFile; fileRef = 75002AB827A5EB8C00CBB593 /* cli_options.cpp */; };
		7503E77A26C88C910018B1F2 /* trmn_graph_vt.cpp in Sources */ = {isa = PBXBuildFile; fileRef = 7503E77026C88C910018B1F2 /* trmn_graph_vt.cpp */; };
		7503E77B26C88C910018B1F2 /* init.cpp in Sources */ = {isa = PBXBuildFile; fileRef = 7503E77226C88C910018B1F2 /* init.cpp */; };
		7503E77E26C88C920018B1F2 /* main.cpp in Sources */ = {isa = PBXBuildFile; fileRef = 7503E77826C88C910018B1F2 /* main.cpp */; };
		758EF48F284E519C0069A198 /* libtromino.a in Frameworks */ = {isa = PBXBuildFile; fileRef = 758EF489284E50FA0069A198 /* libtromino.a */; };
		758EF49B284E54FA0069A198 /* libtromino-validation.a in Frameworks */ = {isa = PBXBuildFile; fileRef = 758EF48B284E50FA0069A198 /* libtromino-validation.a */; };
/* End PBXBuildFile section */

/* Begin PBXCopyFilesBuildPhase section */
		7594DBD926C4822400CF433E /* CopyFiles */ = {
			isa = PBXCopyFilesBuildPhase;
			buildActionMask = 2147483647;
			dstPath = /usr/share/man/man1/;
			dstSubfolderSpec = 0;
			files = (
			);
			runOnlyForDeploymentPostprocessing = 1;
		};
/* End PBXCopyFilesBuildPhase section */

/* Begin PBXFileReference section */
		75002AB527A5D71A00CBB593 /* cli_models.h */ = {isa = PBXFileReference; lastKnownFileType = sourcecode.c.h; path = cli_models.h; sourceTree = "<group>"; };
		75002AB727A5EB8C00CBB593 /* cli_options.h */ = {isa = PBXFileReference; fileEncoding = 4; lastKnownFileType = sourcecode.c.h; path = cli_options.h; sourceTree = "<group>"; };
		75002AB827A5EB8C00CBB593 /* cli_options.cpp */ = {isa = PBXFileReference; fileEncoding = 4; lastKnownFileType = sourcecode.cpp.cpp; path = cli_options.cpp; sourceTree = "<group>"; };
		7503E76F26C88C910018B1F2 /* trmn_graph.h */ = {isa = PBXFileReference; fileEncoding = 4; lastKnownFileType = sourcecode.c.h; path = trmn_graph.h; sourceTree = "<group>"; };
		7503E77026C88C910018B1F2 /* trmn_graph_vt.cpp */ = {isa = PBXFileReference; fileEncoding = 4; lastKnownFileType = sourcecode.cpp.cpp; path = trmn_graph_vt.cpp; sourceTree = "<group>"; };
		7503E77226C88C910018B1F2 /* init.cpp */ = {isa = PBXFileReference; fileEncoding = 4; lastKnownFileType = sourcecode.cpp.cpp; path = init.cpp; sourceTree = "<group>"; };
		7503E77426C88C910018B1F2 /* init.h */ = {isa = PBXFileReference; fileEncoding = 4; lastKnownFileType = sourcecode.c.h; path = init.h; sourceTree = "<group>"; };
		7503E77826C88C910018B1F2 /* main.cpp */ = {isa = PBXFileReference; fileEncoding = 4; lastKnownFileType = sourcecode.cpp.cpp; path = main.cpp; sourceTree = "<group>"; };
		7503E77926C88C910018B1F2 /* trmn_graph_vt.h */ = {isa = PBXFileReference; fileEncoding = 4; lastKnownFileType = sourcecode.c.h; path = trmn_graph_vt.h; sourceTree = "<group>"; };
		755F9D232811CB3B004C54E0 /* Config.xcconfig */ = {isa = PBXFileReference; lastKnownFileType = text.xcconfig; path = Config.xcconfig; sourceTree = "<group>"; };
		758EF489284E50FA0069A198 /* libtromino.a */ = {isa = PBXFileReference; explicitFileType = archive.ar; path = libtromino.a; sourceTree = BUILT_PRODUCTS_DIR; };
		758EF48B284E50FA0069A198 /* libtromino-validation.a */ = {isa = PBXFileReference; explicitFileType = archive.ar; path = "libtromino-validation.a"; sourceTree = BUILT_PRODUCTS_DIR; };
		7594DBDB26C4822400CF433E /* tromino */ = {isa = PBXFileReference; explicitFileType = "compiled.mach-o.executable"; includeInIndex = 0; path = tromino; sourceTree = BUILT_PRODUCTS_DIR; };
		75E2E8BC27FCB7CF00B0525E /* params.h */ = {isa = PBXFileReference; fileEncoding = 4; lastKnownFileType = sourcecode.c.h; path = params.h; sourceTree = "<group>"; };
/* End PBXFileReference section */

/* Begin PBXFrameworksBuildPhase section */
		7594DBD826C4822400CF433E /* Frameworks */ = {
			isa = PBXFrameworksBuildPhase;
			buildActionMask = 2147483647;
			files = (
				758EF48F284E519C0069A198 /* libtromino.a in Frameworks */,
				758EF49B284E54FA0069A198 /* libtromino-validation.a in Frameworks */,
			);
			runOnlyForDeploymentPostprocessing = 0;
		};
/* End PBXFrameworksBuildPhase section */

/* Begin PBXGroup section */
		7503E76E26C88C910018B1F2 /* cli */ = {
			isa = PBXGroup;
			children = (
				75E2E8BC27FCB7CF00B0525E /* params.h */,
				75002AB827A5EB8C00CBB593 /* cli_options.cpp */,
				75002AB727A5EB8C00CBB593 /* cli_options.h */,
				7503E76F26C88C910018B1F2 /* trmn_graph.h */,
				7503E77026C88C910018B1F2 /* trmn_graph_vt.cpp */,
				7503E77226C88C910018B1F2 /* init.cpp */,
				7503E77426C88C910018B1F2 /* init.h */,
				7503E77826C88C910018B1F2 /* main.cpp */,
				7503E77926C88C910018B1F2 /* trmn_graph_vt.h */,
				75002AB527A5D71A00CBB593 /* cli_models.h */,
			);
			name = cli;
			path = ../../src/cli;
			sourceTree = "<group>";
		};
		7503E7DD26C8977E0018B1F2 /* Frameworks */ = {
			isa = PBXGroup;
			children = (
				758EF489284E50FA0069A198 /* libtromino.a */,
				758EF48B284E50FA0069A198 /* libtromino-validation.a */,
			);
			name = Frameworks;
			sourceTree = "<group>";
		};
		7594DBD226C4822400CF433E = {
			isa = PBXGroup;
			children = (
				755F9D232811CB3B004C54E0 /* Config.xcconfig */,
				7503E76E26C88C910018B1F2 /* cli */,
				7503E7DD26C8977E0018B1F2 /* Frameworks */,
				7594DBDC26C4822400CF433E /* Products */,
			);
			sourceTree = "<group>";
		};
		7594DBDC26C4822400CF433E /* Products */ = {
			isa = PBXGroup;
			children = (
				7594DBDB26C4822400CF433E /* tromino */,
			);
			name = Products;
			sourceTree = "<group>";
		};
/* End PBXGroup section */

/* Begin PBXNativeTarget section */
		7594DBDA26C4822400CF433E /* TrominoCli */ = {
			isa = PBXNativeTarget;
			buildConfigurationList = 7594DBE226C4822400CF433E /* Build configuration list for PBXNativeTarget "TrominoCli" */;
			buildPhases = (
				7594DBD726C4822400CF433E /* Sources */,
				7594DBD826C4822400CF433E /* Frameworks */,
				7594DBD926C4822400CF433E /* CopyFiles */,
			);
			buildRules = (
			);
			dependencies = (
			);
			name = TrominoCli;
			productName = TrominoCli;
			productReference = 7594DBDB26C4822400CF433E /* tromino */;
			productType = "com.apple.product-type.tool";
		};
/* End PBXNativeTarget section */

/* Begin PBXProject section */
		7594DBD326C4822400CF433E /* Project object */ = {
			isa = PBXProject;
			attributes = {
				LastUpgradeCheck = 1410;
				TargetAttributes = {
					7594DBDA26C4822400CF433E = {
						CreatedOnToolsVersion = 12.5.1;
					};
				};
			};
			buildConfigurationList = 7594DBD626C4822400CF433E /* Build configuration list for PBXProject "TrominoCli" */;
			compatibilityVersion = "Xcode 14.0";
			developmentRegion = en;
			hasScannedForEncodings = 0;
			knownRegions = (
				en,
				Base,
			);
			mainGroup = 7594DBD226C4822400CF433E;
			productRefGroup = 7594DBDC26C4822400CF433E /* Products */;
			projectDirPath = "";
			projectRoot = "";
			targets = (
				7594DBDA26C4822400CF433E /* TrominoCli */,
			);
		};
/* End PBXProject section */

/* Begin PBXSourcesBuildPhase section */
		7594DBD726C4822400CF433E /* Sources */ = {
			isa = PBXSourcesBuildPhase;
			buildActionMask = 2147483647;
			files = (
				7503E77A26C88C910018B1F2 /* trmn_graph_vt.cpp in Sources */,
				75002AB927A5EB8C00CBB593 /* cli_options.cpp in Sources */,
				7503E77E26C88C920018B1F2 /* main.cpp in Sources */,
				7503E77B26C88C910018B1F2 /* init.cpp in Sources */,
			);
			runOnlyForDeploymentPostprocessing = 0;
		};
/* End PBXSourcesBuildPhase section */

/* Begin XCBuildConfiguration section */
		7594DBE026C4822400CF433E /* Debug */ = {
			isa = XCBuildConfiguration;
			baseConfigurationReference = 755F9D232811CB3B004C54E0 /* Config.xcconfig */;
			buildSettings = {
				ALWAYS_SEARCH_USER_PATHS = NO;
				CLANG_ANALYZER_NONNULL = YES;
				CLANG_ANALYZER_NUMBER_OBJECT_CONVERSION = YES_AGGRESSIVE;
				CLANG_CXX_LANGUAGE_STANDARD = "c++17";
				CLANG_ENABLE_MODULES = YES;
				CLANG_ENABLE_OBJC_ARC = YES;
				CLANG_ENABLE_OBJC_WEAK = YES;
				CLANG_WARN_BLOCK_CAPTURE_AUTORELEASING = YES;
				CLANG_WARN_BOOL_CONVERSION = YES;
				CLANG_WARN_COMMA = YES;
				CLANG_WARN_CONSTANT_CONVERSION = YES;
				CLANG_WARN_DEPRECATED_OBJC_IMPLEMENTATIONS = YES;
				CLANG_WARN_DIRECT_OBJC_ISA_USAGE = YES_ERROR;
				CLANG_WARN_DOCUMENTATION_COMMENTS = YES;
				CLANG_WARN_EMPTY_BODY = YES;
				CLANG_WARN_ENUM_CONVERSION = YES;
				CLANG_WARN_INFINITE_RECURSION = YES;
				CLANG_WARN_INT_CONVERSION = YES;
				CLANG_WARN_NON_LITERAL_NULL_CONVERSION = YES;
				CLANG_WARN_OBJC_IMPLICIT_RETAIN_SELF = YES;
				CLANG_WARN_OBJC_LITERAL_CONVERSION = YES;
				CLANG_WARN_OBJC_ROOT_CLASS = YES_ERROR;
				CLANG_WARN_QUOTED_INCLUDE_IN_FRAMEWORK_HEADER = YES;
				CLANG_WARN_RANGE_LOOP_ANALYSIS = YES;
				CLANG_WARN_STRICT_PROTOTYPES = YES;
				CLANG_WARN_SUSPICIOUS_MOVE = YES;
				CLANG_WARN_UNGUARDED_AVAILABILITY = YES_AGGRESSIVE;
				CLANG_WARN_UNREACHABLE_CODE = YES;
				CLANG_WARN__DUPLICATE_METHOD_MATCH = YES;
				COPY_PHASE_STRIP = NO;
				DEAD_CODE_STRIPPING = YES;
				DEBUG_INFORMATION_FORMAT = dwarf;
				ENABLE_STRICT_OBJC_MSGSEND = YES;
				ENABLE_TESTABILITY = YES;
				GCC_C_LANGUAGE_STANDARD = c17;
				GCC_DYNAMIC_NO_PIC = NO;
				GCC_ENABLE_CPP_EXCEPTIONS = NO;
				GCC_ENABLE_CPP_RTTI = NO;
				GCC_NO_COMMON_BLOCKS = YES;
				GCC_OPTIMIZATION_LEVEL = 0;
				GCC_PREPROCESSOR_DEFINITIONS = (
					"DEBUG=1",
					"$(inherited)",
				);
				GCC_TREAT_WARNINGS_AS_ERRORS = YES;
				GCC_WARN_64_TO_32_BIT_CONVERSION = YES;
				GCC_WARN_ABOUT_RETURN_TYPE = YES_ERROR;
				GCC_WARN_PEDANTIC = YES;
				GCC_WARN_UNDECLARED_SELECTOR = YES;
				GCC_WARN_UNINITIALIZED_AUTOS = YES_AGGRESSIVE;
				GCC_WARN_UNUSED_FUNCTION = YES;
				GCC_WARN_UNUSED_VARIABLE = YES;
				HEADER_SEARCH_PATHS = (
					../../src/libtromino,
					../../src/validation,
				);
				INFOPLIST_KEY_NSHumanReadableCopyright = "Copyright © 2021-2023 Omar Boukli-Hacene. All rights reserved.";
				MACOSX_DEPLOYMENT_TARGET = "$(RECOMMENDED_MACOSX_DEPLOYMENT_TARGET)";
				MTL_ENABLE_DEBUG_INFO = INCLUDE_SOURCE;
				MTL_FAST_MATH = YES;
				ONLY_ACTIVE_ARCH = YES;
				SDKROOT = macosx;
			};
			name = Debug;
		};
		7594DBE126C4822400CF433E /* Release */ = {
			isa = XCBuildConfiguration;
			baseConfigurationReference = 755F9D232811CB3B004C54E0 /* Config.xcconfig */;
			buildSettings = {
				ALWAYS_SEARCH_USER_PATHS = NO;
				CLANG_ANALYZER_NONNULL = YES;
				CLANG_ANALYZER_NUMBER_OBJECT_CONVERSION = YES_AGGRESSIVE;
				CLANG_CXX_LANGUAGE_STANDARD = "c++17";
				CLANG_ENABLE_MODULES = YES;
				CLANG_ENABLE_OBJC_ARC = YES;
				CLANG_ENABLE_OBJC_WEAK = YES;
				CLANG_WARN_BLOCK_CAPTURE_AUTORELEASING = YES;
				CLANG_WARN_BOOL_CONVERSION = YES;
				CLANG_WARN_COMMA = YES;
				CLANG_WARN_CONSTANT_CONVERSION = YES;
				CLANG_WARN_DEPRECATED_OBJC_IMPLEMENTATIONS = YES;
				CLANG_WARN_DIRECT_OBJC_ISA_USAGE = YES_ERROR;
				CLANG_WARN_DOCUMENTATION_COMMENTS = YES;
				CLANG_WARN_EMPTY_BODY = YES;
				CLANG_WARN_ENUM_CONVERSION = YES;
				CLANG_WARN_INFINITE_RECURSION = YES;
				CLANG_WARN_INT_CONVERSION = YES;
				CLANG_WARN_NON_LITERAL_NULL_CONVERSION = YES;
				CLANG_WARN_OBJC_IMPLICIT_RETAIN_SELF = YES;
				CLANG_WARN_OBJC_LITERAL_CONVERSION = YES;
				CLANG_WARN_OBJC_ROOT_CLASS = YES_ERROR;
				CLANG_WARN_QUOTED_INCLUDE_IN_FRAMEWORK_HEADER = YES;
				CLANG_WARN_RANGE_LOOP_ANALYSIS = YES;
				CLANG_WARN_STRICT_PROTOTYPES = YES;
				CLANG_WARN_SUSPICIOUS_MOVE = YES;
				CLANG_WARN_UNGUARDED_AVAILABILITY = YES_AGGRESSIVE;
				CLANG_WARN_UNREACHABLE_CODE = YES;
				CLANG_WARN__DUPLICATE_METHOD_MATCH = YES;
				COPY_PHASE_STRIP = NO;
				DEAD_CODE_STRIPPING = YES;
				DEBUG_INFORMATION_FORMAT = "dwarf-with-dsym";
				ENABLE_NS_ASSERTIONS = NO;
				ENABLE_STRICT_OBJC_MSGSEND = YES;
				GCC_C_LANGUAGE_STANDARD = c17;
				GCC_ENABLE_CPP_EXCEPTIONS = NO;
				GCC_ENABLE_CPP_RTTI = NO;
				GCC_NO_COMMON_BLOCKS = YES;
				GCC_PREPROCESSOR_DEFINITIONS = NDEBUG;
				GCC_TREAT_WARNINGS_AS_ERRORS = YES;
				GCC_WARN_64_TO_32_BIT_CONVERSION = YES;
				GCC_WARN_ABOUT_RETURN_TYPE = YES_ERROR;
				GCC_WARN_PEDANTIC = YES;
				GCC_WARN_UNDECLARED_SELECTOR = YES;
				GCC_WARN_UNINITIALIZED_AUTOS = YES_AGGRESSIVE;
				GCC_WARN_UNUSED_FUNCTION = YES;
				GCC_WARN_UNUSED_VARIABLE = YES;
				HEADER_SEARCH_PATHS = (
					../../src/libtromino,
					../../src/validation,
				);
				INFOPLIST_KEY_NSHumanReadableCopyright = "Copyright © 2021-2023 Omar Boukli-Hacene. All rights reserved.";
				MACOSX_DEPLOYMENT_TARGET = "$(RECOMMENDED_MACOSX_DEPLOYMENT_TARGET)";
				MTL_ENABLE_DEBUG_INFO = NO;
				MTL_FAST_MATH = YES;
				SDKROOT = macosx;
			};
			name = Release;
		};
		7594DBE326C4822400CF433E /* Debug */ = {
			isa = XCBuildConfiguration;
			buildSettings = {
				CLANG_CXX_LANGUAGE_STANDARD = "c++17";
				CODE_SIGN_IDENTITY = "-";
				CODE_SIGN_STYLE = Automatic;
				DEAD_CODE_STRIPPING = YES;
				EXECUTABLE_NAME = tromino;
				GCC_C_LANGUAGE_STANDARD = c17;
				PRODUCT_NAME = "$(TARGET_NAME)";
			};
			name = Debug;
		};
		7594DBE426C4822400CF433E /* Release */ = {
			isa = XCBuildConfiguration;
			buildSettings = {
				CLANG_CXX_LANGUAGE_STANDARD = "c++17";
				CODE_SIGN_IDENTITY = "-";
				CODE_SIGN_STYLE = Automatic;
				DEAD_CODE_STRIPPING = YES;
				EXECUTABLE_NAME = tromino;
				GCC_C_LANGUAGE_STANDARD = c17;
				PRODUCT_NAME = "$(TARGET_NAME)";
			};
			name = Release;
		};
/* End XCBuildConfiguration section */

/* Begin XCConfigurationList section */
		7594DBD626C4822400CF433E /* Build configuration list for PBXProject "TrominoCli" */ = {
			isa = XCConfigurationList;
			buildConfigurations = (
				7594DBE026C4822400CF433E /* Debug */,
				7594DBE126C4822400CF433E /* Release */,
			);
			defaultConfigurationIsVisible = 0;
			defaultConfigurationName = Release;
		};
		7594DBE226C4822400CF433E /* Build configuration list for PBXNativeTarget "TrominoCli" */ = {
			isa = XCConfigurationList;
			buildConfigurations = (
				7594DBE326C4822400CF433E /* Debug */,
				7594DBE426C4822400CF433E /* Release */,
			);
			defaultConfigurationIsVisible = 0;
			defaultConfigurationName = Release;
		};
/* End XCConfigurationList section */
	};
	rootObject = 7594DBD326C4822400CF433E /* Project object */;
}
